{
  "version": 4,
  "terraform_version": "1.15.6",
  "serial": 335,
  "lineage": "fe631eb8-c584-4b6c-0c93-9fedb20cb589",
  "outputs": {
    "app_vpc_id": {
      "value": "vpc-j6ct2wq26snr5yq144u83",
      "type": "string"
    },
    "central_logstore": {
      "value": "cloud-operations",
      "type": "string"
    },
    "hub_vpc_id": {
      "value": "vpc-j6cil4r60sipikrt2094m",
      "type": "string"
    },
    "transit_router_id": {
      "value": "tr-j6cuc0gmwpgt0vyh1ihzs",
      "type": "string"
    }
  },
  "resources": [
    {
      "module": "module.core_insurance_app",
      "mode": "data",
      "type": "alicloud_zones",
      "name": "available",
      "provider": "provider[\"registry.terraform.io/aliyun/alicloud\"].app",
      "instances": [
        {
          "schema_version": 0,
          "attributes": {
            "available_disk_category": null,
            "available_instance_type": null,
            "available_resource_creation": "VSwitch",
            "available_slb_address_ip_version": null,
            "available_slb_address_type": null,
            "enable_details": false,
            "id": "1855267249",
            "ids": [
              "cn-hongkong-b",
              "cn-hongkong-c",
              "cn-hongkong-d"
            ],
            "instance_charge_type": "PostPaid",
            "multi": false,
            "network_type": null,
            "output_file": null,
            "spot_strategy": "NoSpot",
            "zones": [
              {
                "available_disk_categories": [],
                "available_instance_types": [],
                "available_resource_creation": [],
                "id": "cn-hongkong-b",
                "local_name": "",
                "multi_zone_ids": [],
                "slb_slave_zone_ids": []
              },
              {
                "available_disk_categories": [],
                "available_instance_types": [],
                "available_resource_creation": [],
                "id": "cn-hongkong-c",
                "local_name": "",
                "multi_zone_ids": [],
                "slb_slave_zone_ids": []
              },
              {
                "available_disk_categories": [],
                "available_instance_types": [],
                "available_resource_creation": [],
                "id": "cn-hongkong-d",
                "local_name": "",
                "multi_zone_ids": [],
                "slb_slave_zone_ids": []
              }
            ]
          },
          "sensitive_attributes": [],
          "identity_schema_version": 0
        }
      ]
    },
    {
      "module": "module.core_insurance_app",
      "mode": "managed",
      "type": "alicloud_cen_transit_router_vpc_attachment",
      "name": "core_insurance",
      "provider": "provider[\"registry.terraform.io/aliyun/alicloud\"].app",
      "instances": [
        {
          "schema_version": 0,
          "attributes": {
            "auto_publish_route_enabled": false,
            "cen_id": "cen-ycdypx620qa3zhdfo7",
            "create_time": "2026-06-22T06:39Z",
            "dry_run": null,
            "force_delete": null,
            "id": "cen-ycdypx620qa3zhdfo7:tr-attach-qno8q5crhknk1kwux0",
            "options": [
              {
                "appliance_mode_support": "disable",
                "ipv6_support": "disable"
              }
            ],
            "order_type": "PayByCenOwner",
            "payment_type": "PayAsYouGo",
            "region_id": "cn-hongkong",
            "resource_type": "VPC",
            "route_table_association_enabled": null,
            "route_table_propagation_enabled": null,
            "status": "Attached",
            "tags": {},
            "timeouts": null,
            "transit_router_attachment_description": "",
            "transit_router_attachment_id": "tr-attach-qno8q5crhknk1kwux0",
            "transit_router_attachment_name": "",
            "transit_router_id": "tr-j6cuc0gmwpgt0vyh1ihzs",
            "transit_router_vpc_attachment_name": "",
            "transit_router_vpc_attachment_options": {
              "ipv6Support": "disable"
            },
            "vpc_id": "vpc-j6ct2wq26snr5yq144u83",
            "vpc_owner_id": "5815880914844342",
            "zone_mappings": [
              {
                "vswitch_id": "vsw-j6c5fnoa29k4s7rvefl28",
                "zone_id": "cn-hongkong-b"
              }
            ]
          },
          "sensitive_attributes": [],
          "identity_schema_version": 0,
          "private": "eyJlMmJmYjczMC1lY2FhLTExZTYtOGY4OC0zNDM2M2JjN2M0YzAiOnsiY3JlYXRlIjoyNTIwMDAwMDAwMDAwLCJkZWxldGUiOjEyMDAwMDAwMDAwMDAsInVwZGF0ZSI6NDgwMDAwMDAwMDAwfX0=",
          "dependencies": [
            "module.core_insurance_app.alicloud_vpc.core_insurance",
            "module.core_insurance_app.alicloud_vswitch.prod_web",
            "module.core_insurance_app.data.alicloud_zones.available"
          ]
        }
      ]
    },
    {
      "module": "module.core_insurance_app",
      "mode": "managed",
      "type": "alicloud_oss_bucket",
      "name": "app_data_preprod",
      "provider": "provider[\"registry.terraform.io/aliyun/alicloud\"].app",
      "instances": [
        {
          "schema_version": 0,
          "attributes": {
            "access_monitor": [
              {
                "status": "Disabled"
              }
            ],
            "acl": "private",
            "bucket": "insurance-app-preprod-demo-0t5fte",
            "cors_rule": [],
            "creation_date": "2026-06-22",
            "extranet_endpoint": "oss-cn-hongkong.aliyuncs.com",
            "force_destroy": false,
            "id": "insurance-app-preprod-demo-0t5fte",
            "intranet_endpoint": "oss-cn-hongkong-internal.aliyuncs.com",
            "lifecycle_rule": [],
            "lifecycle_rule_allow_same_action_overlap": false,
            "location": "oss-cn-hongkong",
            "logging": [],
            "logging_isenable": null,
            "owner": "5815880914844342",
            "policy": "",
            "redundancy_type": "LRS",
            "referer_config": [],
            "resource_group_id": "rg-acfnxteh2xsdvnq",
            "server_side_encryption_rule": [
              {
                "kms_data_encryption": "",
                "kms_master_key_id": "",
                "sse_algorithm": "KMS"
              }
            ],
            "storage_class": "Standard",
            "tags": {
              "Environment": "PreProd",
              "ManagedBy": "Terraform",
              "Project": "LandingZone"
            },
            "transfer_acceleration": [],
            "versioning": [],
            "website": []
          },
          "sensitive_attributes": [],
          "identity_schema_version": 0,
          "private": "bnVsbA==",
          "dependencies": [
            "module.core_insurance_app.random_string.bucket_suffix"
          ]
        }
      ]
    },
    {
      "module": "module.core_insurance_app",
      "mode": "managed",
      "type": "alicloud_oss_bucket",
      "name": "app_data_prod",
      "provider": "provider[\"registry.terraform.io/aliyun/alicloud\"].app",
      "instances": [
        {
          "schema_version": 0,
          "attributes": {
            "access_monitor": [
              {
                "status": "Disabled"
              }
            ],
            "acl": "private",
            "bucket": "insurance-app-prod-demo-0t5fte",
            "cors_rule": [],
            "creation_date": "2026-06-22",
            "extranet_endpoint": "oss-cn-hongkong.aliyuncs.com",
            "force_destroy": false,
            "id": "insurance-app-prod-demo-0t5fte",
            "intranet_endpoint": "oss-cn-hongkong-internal.aliyuncs.com",
            "lifecycle_rule": [],
            "lifecycle_rule_allow_same_action_overlap": false,
            "location": "oss-cn-hongkong",
            "logging": [],
            "logging_isenable": null,
            "owner": "5815880914844342",
            "policy": "",
            "redundancy_type": "LRS",
            "referer_config": [],
            "resource_group_id": "rg-acfnxteh2xsdvnq",
            "server_side_encryption_rule": [
              {
                "kms_data_encryption": "",
                "kms_master_key_id": "",
                "sse_algorithm": "KMS"
              }
            ],
            "storage_class": "Standard",
            "tags": {
              "Environment": "Prod",
              "ManagedBy": "Terraform",
              "Project": "LandingZone"
            },
            "transfer_acceleration": [],
            "versioning": [],
            "website": []
          },
          "sensitive_attributes": [],
          "identity_schema_version": 0,
          "private": "bnVsbA==",
          "dependencies": [
            "module.core_insurance_app.random_string.bucket_suffix"
          ]
        }
      ]
    },
    {
      "module": "module.core_insurance_app",
      "mode": "managed",
      "type": "alicloud_oss_bucket",
      "name": "app_data_sit",
      "provider": "provider[\"registry.terraform.io/aliyun/alicloud\"].app",
      "instances": [
        {
          "schema_version": 0,
          "attributes": {
            "access_monitor": [
              {
                "status": "Disabled"
              }
            ],
            "acl": "private",
            "bucket": "insurance-app-sit-demo-0t5fte",
            "cors_rule": [],
            "creation_date": "2026-06-22",
            "extranet_endpoint": "oss-cn-hongkong.aliyuncs.com",
            "force_destroy": false,
            "id": "insurance-app-sit-demo-0t5fte",
            "intranet_endpoint": "oss-cn-hongkong-internal.aliyuncs.com",
            "lifecycle_rule": [],
            "lifecycle_rule_allow_same_action_overlap": false,
            "location": "oss-cn-hongkong",
            "logging": [],
            "logging_isenable": null,
            "owner": "5815880914844342",
            "policy": "",
            "redundancy_type": "LRS",
            "referer_config": [],
            "resource_group_id": "rg-acfnxteh2xsdvnq",
            "server_side_encryption_rule": [
              {
                "kms_data_encryption": "",
                "kms_master_key_id": "",
                "sse_algorithm": "KMS"
              }
            ],
            "storage_class": "Standard",
            "tags": {
              "Environment": "SIT",
              "ManagedBy": "Terraform",
              "Project": "LandingZone"
            },
            "transfer_acceleration": [],
            "versioning": [],
            "website": []
          },
          "sensitive_attributes": [],
          "identity_schema_version": 0,
          "private": "bnVsbA==",
          "dependencies": [
            "module.core_insurance_app.random_string.bucket_suffix"
          ]
        }
      ]
    },
    {
      "module": "module.core_insurance_app",
      "mode": "managed",
      "type": "alicloud_oss_bucket",
      "name": "app_data_uat",
      "provider": "provider[\"registry.terraform.io/aliyun/alicloud\"].app",
      "instances": [
        {
          "schema_version": 0,
          "attributes": {
            "access_monitor": [
              {
                "status": "Disabled"
              }
            ],
            "acl": "private",
            "bucket": "insurance-app-uat-demo-0t5fte",
            "cors_rule": [],
            "creation_date": "2026-06-22",
            "extranet_endpoint": "oss-cn-hongkong.aliyuncs.com",
            "force_destroy": false,
            "id": "insurance-app-uat-demo-0t5fte",
            "intranet_endpoint": "oss-cn-hongkong-internal.aliyuncs.com",
            "lifecycle_rule": [],
            "lifecycle_rule_allow_same_action_overlap": false,
            "location": "oss-cn-hongkong",
            "logging": [],
            "logging_isenable": null,
            "owner": "5815880914844342",
            "policy": "",
            "redundancy_type": "LRS",
            "referer_config": [],
            "resource_group_id": "rg-acfnxteh2xsdvnq",
            "server_side_encryption_rule": [
              {
                "kms_data_encryption": "",
                "kms_master_key_id": "",
                "sse_algorithm": "KMS"
              }
            ],
            "storage_class": "Standard",
            "tags": {
              "Environment": "UAT",
              "ManagedBy": "Terraform",
              "Project": "LandingZone"
            },
            "transfer_acceleration": [],
            "versioning": [],
            "website": []
          },
          "sensitive_attributes": [],
          "identity_schema_version": 0,
          "private": "bnVsbA==",
          "dependencies": [
            "module.core_insurance_app.random_string.bucket_suffix"
          ]
        }
      ]
    },
    {
      "module": "module.core_insurance_app",
      "mode": "managed",
      "type": "alicloud_oss_bucket_server_side_encryption",
      "name": "app_enc_preprod",
      "provider": "provider[\"registry.terraform.io/aliyun/alicloud\"].app",
      "instances": [
        {
          "schema_version": 0,
          "attributes": {
            "bucket": "insurance-app-preprod-demo-0t5fte",
            "id": "insurance-app-preprod-demo-0t5fte",
            "kms_data_encryption": "",
            "kms_master_key_id": "",
            "sse_algorithm": "KMS",
            "timeouts": null
          },
          "sensitive_attributes": [],
          "identity_schema_version": 0,
          "private": "eyJlMmJmYjczMC1lY2FhLTExZTYtOGY4OC0zNDM2M2JjN2M0YzAiOnsiY3JlYXRlIjozMDAwMDAwMDAwMDAsImRlbGV0ZSI6MzAwMDAwMDAwMDAwLCJ1cGRhdGUiOjMwMDAwMDAwMDAwMH19",
          "dependencies": [
            "module.core_insurance_app.alicloud_oss_bucket.app_data_preprod",
            "module.core_insurance_app.random_string.bucket_suffix"
          ]
        }
      ]
    },
    {
      "module": "module.core_insurance_app",
      "mode": "managed",
      "type": "alicloud_oss_bucket_server_side_encryption",
      "name": "app_enc_prod",
      "provider": "provider[\"registry.terraform.io/aliyun/alicloud\"].app",
      "instances": [
        {
          "schema_version": 0,
          "attributes": {
            "bucket": "insurance-app-prod-demo-0t5fte",
            "id": "insurance-app-prod-demo-0t5fte",
            "kms_data_encryption": "",
            "kms_master_key_id": "",
            "sse_algorithm": "KMS",
            "timeouts": null
          },
          "sensitive_attributes": [],
          "identity_schema_version": 0,
          "private": "eyJlMmJmYjczMC1lY2FhLTExZTYtOGY4OC0zNDM2M2JjN2M0YzAiOnsiY3JlYXRlIjozMDAwMDAwMDAwMDAsImRlbGV0ZSI6MzAwMDAwMDAwMDAwLCJ1cGRhdGUiOjMwMDAwMDAwMDAwMH19",
          "dependencies": [
            "module.core_insurance_app.alicloud_oss_bucket.app_data_prod",
            "module.core_insurance_app.random_string.bucket_suffix"
          ]
        }
      ]
    },
    {
      "module": "module.core_insurance_app",
      "mode": "managed",
      "type": "alicloud_oss_bucket_server_side_encryption",
      "name": "app_enc_sit",
      "provider": "provider[\"registry.terraform.io/aliyun/alicloud\"].app",
      "instances": [
        {
          "schema_version": 0,
          "attributes": {
            "bucket": "insurance-app-sit-demo-0t5fte",
            "id": "insurance-app-sit-demo-0t5fte",
            "kms_data_encryption": "",
            "kms_master_key_id": "",
            "sse_algorithm": "KMS",
            "timeouts": null
          },
          "sensitive_attributes": [],
          "identity_schema_version": 0,
          "private": "eyJlMmJmYjczMC1lY2FhLTExZTYtOGY4OC0zNDM2M2JjN2M0YzAiOnsiY3JlYXRlIjozMDAwMDAwMDAwMDAsImRlbGV0ZSI6MzAwMDAwMDAwMDAwLCJ1cGRhdGUiOjMwMDAwMDAwMDAwMH19",
          "dependencies": [
            "module.core_insurance_app.alicloud_oss_bucket.app_data_sit",
            "module.core_insurance_app.random_string.bucket_suffix"
          ]
        }
      ]
    },
    {
      "module": "module.core_insurance_app",
      "mode": "managed",
      "type": "alicloud_oss_bucket_server_side_encryption",
      "name": "app_enc_uat",
      "provider": "provider[\"registry.terraform.io/aliyun/alicloud\"].app",
      "instances": [
        {
          "schema_version": 0,
          "attributes": {
            "bucket": "insurance-app-uat-demo-0t5fte",
            "id": "insurance-app-uat-demo-0t5fte",
            "kms_data_encryption": "",
            "kms_master_key_id": "",
            "sse_algorithm": "KMS",
            "timeouts": null
          },
          "sensitive_attributes": [],
          "identity_schema_version": 0,
          "private": "eyJlMmJmYjczMC1lY2FhLTExZTYtOGY4OC0zNDM2M2JjN2M0YzAiOnsiY3JlYXRlIjozMDAwMDAwMDAwMDAsImRlbGV0ZSI6MzAwMDAwMDAwMDAwLCJ1cGRhdGUiOjMwMDAwMDAwMDAwMH19",
          "dependencies": [
            "module.core_insurance_app.alicloud_oss_bucket.app_data_uat",
            "module.core_insurance_app.random_string.bucket_suffix"
          ]
        }
      ]
    },
    {
      "module": "module.core_insurance_app",
      "mode": "managed",
      "type": "alicloud_resource_manager_resource_group",
      "name": "insurance_preprod",
      "provider": "provider[\"registry.terraform.io/aliyun/alicloud\"].app",
      "instances": [
        {
          "schema_version": 0,
          "attributes": {
            "account_id": "5815880914844342",
            "create_date": null,
            "display_name": "Insurance-PreProd-demo",
            "id": "rg-aek5ghk4bqkr7my",
            "name": "rg-insurance-preprod-demo",
            "region_statuses": [
              {
                "region_id": "ap-northeast-1",
                "status": "OK"
              },
              {
                "region_id": "ap-northeast-2",
                "status": "OK"
              },
              {
                "region_id": "ap-singapore-cloudstone",
                "status": "OK"
              },
              {
                "region_id": "ap-southeast-1",
                "status": "OK"
              },
              {
                "region_id": "ap-southeast-3",
                "status": "OK"
              },
              {
                "region_id": "ap-southeast-5",
                "status": "OK"
              },
              {
                "region_id": "ap-southeast-6",
                "status": "OK"
              },
              {
                "region_id": "ap-southeast-7",
                "status": "OK"
              },
              {
                "region_id": "cn-beijing",
                "status": "OK"
              },
              {
                "region_id": "cn-chengdu",
                "status": "OK"
              },
              {
                "region_id": "cn-guangzhou",
                "status": "OK"
              },
              {
                "region_id": "cn-hangzhou",
                "status": "OK"
              },
              {
                "region_id": "cn-hangzhou-cloudstone",
                "status": "OK"
              },
              {
                "region_id": "cn-hangzhou-mybk",
                "status": "OK"
              },
              {
                "region_id": "cn-hangzhou-test-306",
                "status": "OK"
              },
              {
                "region_id": "cn-heyuan",
                "status": "OK"
              },
              {
                "region_id": "cn-hongkong",
                "status": "OK"
              },
              {
                "region_id": "cn-huhehaote",
                "status": "OK"
              },
              {
                "region_id": "cn-nantong",
                "status": "OK"
              },
              {
                "region_id": "cn-qingdao",
                "status": "OK"
              },
              {
                "region_id": "cn-shanghai",
                "status": "OK"
              },
              {
                "region_id": "cn-shenzhen",
                "status": "OK"
              },
              {
                "region_id": "cn-wulanchabu",
                "status": "OK"
              },
              {
                "region_id": "cn-zhangjiakou",
                "status": "OK"
              },
              {
                "region_id": "cn-zhengzhou-jva",
                "status": "OK"
              },
              {
                "region_id": "eu-central-1",
                "status": "OK"
              },
              {
                "region_id": "eu-west-1",
                "status": "OK"
              },
              {
                "region_id": "me-east-1",
                "status": "OK"
              },
              {
                "region_id": "rus-west-1",
                "status": "OK"
              },
              {
                "region_id": "us-east-1",
                "status": "OK"
              },
              {
                "region_id": "us-west-1",
                "status": "OK"
              }
            ],
            "resource_group_name": "rg-insurance-preprod-demo",
            "status": "OK",
            "tags": {},
            "timeouts": null
          },
          "sensitive_attributes": [],
          "identity_schema_version": 0,
          "private": "eyJlMmJmYjczMC1lY2FhLTExZTYtOGY4OC0zNDM2M2JjN2M0YzAiOnsiY3JlYXRlIjo2NjAwMDAwMDAwMDB9fQ=="
        }
      ]
    },
    {
      "module": "module.core_insurance_app",
      "mode": "managed",
      "type": "alicloud_resource_manager_resource_group",
      "name": "insurance_prod",
      "provider": "provider[\"registry.terraform.io/aliyun/alicloud\"].app",
      "instances": [
        {
          "schema_version": 0,
          "attributes": {
            "account_id": "5815880914844342",
            "create_date": null,
            "display_name": "Insurance-Prod-demo",
            "id": "rg-aek5bnehlx3ihkq",
            "name": "rg-insurance-prod-demo",
            "region_statuses": [
              {
                "region_id": "ap-northeast-1",
                "status": "OK"
              },
              {
                "region_id": "ap-northeast-2",
                "status": "OK"
              },
              {
                "region_id": "ap-singapore-cloudstone",
                "status": "OK"
              },
              {
                "region_id": "ap-southeast-1",
                "status": "OK"
              },
              {
                "region_id": "ap-southeast-3",
                "status": "OK"
              },
              {
                "region_id": "ap-southeast-5",
                "status": "OK"
              },
              {
                "region_id": "ap-southeast-6",
                "status": "OK"
              },
              {
                "region_id": "ap-southeast-7",
                "status": "OK"
              },
              {
                "region_id": "cn-beijing",
                "status": "OK"
              },
              {
                "region_id": "cn-chengdu",
                "status": "OK"
              },
              {
                "region_id": "cn-guangzhou",
                "status": "OK"
              },
              {
                "region_id": "cn-hangzhou",
                "status": "OK"
              },
              {
                "region_id": "cn-hangzhou-cloudstone",
                "status": "OK"
              },
              {
                "region_id": "cn-hangzhou-mybk",
                "status": "OK"
              },
              {
                "region_id": "cn-hangzhou-test-306",
                "status": "OK"
              },
              {
                "region_id": "cn-heyuan",
                "status": "OK"
              },
              {
                "region_id": "cn-hongkong",
                "status": "OK"
              },
              {
                "region_id": "cn-huhehaote",
                "status": "OK"
              },
              {
                "region_id": "cn-nantong",
                "status": "OK"
              },
              {
                "region_id": "cn-qingdao",
                "status": "OK"
              },
              {
                "region_id": "cn-shanghai",
                "status": "OK"
              },
              {
                "region_id": "cn-shenzhen",
                "status": "OK"
              },
              {
                "region_id": "cn-wulanchabu",
                "status": "OK"
              },
              {
                "region_id": "cn-zhangjiakou",
                "status": "OK"
              },
              {
                "region_id": "cn-zhengzhou-jva",
                "status": "OK"
              },
              {
                "region_id": "eu-central-1",
                "status": "OK"
              },
              {
                "region_id": "eu-west-1",
                "status": "OK"
              },
              {
                "region_id": "me-east-1",
                "status": "OK"
              },
              {
                "region_id": "rus-west-1",
                "status": "OK"
              },
              {
                "region_id": "us-east-1",
                "status": "OK"
              },
              {
                "region_id": "us-west-1",
                "status": "OK"
              }
            ],
            "resource_group_name": "rg-insurance-prod-demo",
            "status": "OK",
            "tags": {},
            "timeouts": null
          },
          "sensitive_attributes": [],
          "identity_schema_version": 0,
          "private": "eyJlMmJmYjczMC1lY2FhLTExZTYtOGY4OC0zNDM2M2JjN2M0YzAiOnsiY3JlYXRlIjo2NjAwMDAwMDAwMDB9fQ=="
        }
      ]
    },
    {
      "module": "module.core_insurance_app",
      "mode": "managed",
      "type": "alicloud_resource_manager_resource_group",
      "name": "insurance_sit",
      "provider": "provider[\"registry.terraform.io/aliyun/alicloud\"].app",
      "instances": [
        {
          "schema_version": 0,
          "attributes": {
            "account_id": "5815880914844342",
            "create_date": null,
            "display_name": "Insurance-SIT-demo",
            "id": "rg-aek3jzld5har5ra",
            "name": "rg-insurance-sit-demo",
            "region_statuses": [
              {
                "region_id": "ap-northeast-1",
                "status": "OK"
              },
              {
                "region_id": "ap-northeast-2",
                "status": "OK"
              },
              {
                "region_id": "ap-singapore-cloudstone",
                "status": "OK"
              },
              {
                "region_id": "ap-southeast-1",
                "status": "OK"
              },
              {
                "region_id": "ap-southeast-3",
                "status": "OK"
              },
              {
                "region_id": "ap-southeast-5",
                "status": "OK"
              },
              {
                "region_id": "ap-southeast-6",
                "status": "OK"
              },
              {
                "region_id": "ap-southeast-7",
                "status": "OK"
              },
              {
                "region_id": "cn-beijing",
                "status": "OK"
              },
              {
                "region_id": "cn-chengdu",
                "status": "OK"
              },
              {
                "region_id": "cn-guangzhou",
                "status": "OK"
              },
              {
                "region_id": "cn-hangzhou",
                "status": "OK"
              },
              {
                "region_id": "cn-hangzhou-cloudstone",
                "status": "OK"
              },
              {
                "region_id": "cn-hangzhou-mybk",
                "status": "OK"
              },
              {
                "region_id": "cn-hangzhou-test-306",
                "status": "OK"
              },
              {
                "region_id": "cn-heyuan",
                "status": "OK"
              },
              {
                "region_id": "cn-hongkong",
                "status": "OK"
              },
              {
                "region_id": "cn-huhehaote",
                "status": "OK"
              },
              {
                "region_id": "cn-nantong",
                "status": "OK"
              },
              {
                "region_id": "cn-qingdao",
                "status": "OK"
              },
              {
                "region_id": "cn-shanghai",
                "status": "OK"
              },
              {
                "region_id": "cn-shenzhen",
                "status": "OK"
              },
              {
                "region_id": "cn-wulanchabu",
                "status": "OK"
              },
              {
                "region_id": "cn-zhangjiakou",
                "status": "OK"
              },
              {
                "region_id": "cn-zhengzhou-jva",
                "status": "OK"
              },
              {
                "region_id": "eu-central-1",
                "status": "OK"
              },
              {
                "region_id": "eu-west-1",
                "status": "OK"
              },
              {
                "region_id": "me-east-1",
                "status": "OK"
              },
              {
                "region_id": "rus-west-1",
                "status": "OK"
              },
              {
                "region_id": "us-east-1",
                "status": "OK"
              },
              {
                "region_id": "us-west-1",
                "status": "OK"
              }
            ],
            "resource_group_name": "rg-insurance-sit-demo",
            "status": "OK",
            "tags": {},
            "timeouts": null
          },
          "sensitive_attributes": [],
          "identity_schema_version": 0,
          "private": "eyJlMmJmYjczMC1lY2FhLTExZTYtOGY4OC0zNDM2M2JjN2M0YzAiOnsiY3JlYXRlIjo2NjAwMDAwMDAwMDB9fQ=="
        }
      ]
    },
    {
      "module": "module.core_insurance_app",
      "mode": "managed",
      "type": "alicloud_resource_manager_resource_group",
      "name": "insurance_uat",
      "provider": "provider[\"registry.terraform.io/aliyun/alicloud\"].app",
      "instances": [
        {
          "schema_version": 0,
          "attributes": {
            "account_id": "5815880914844342",
            "create_date": null,
            "display_name": "Insurance-UAT-demo",
            "id": "rg-aek4zfykg5sq45i",
            "name": "rg-insurance-uat-demo",
            "region_statuses": [
              {
                "region_id": "ap-northeast-1",
                "status": "OK"
              },
              {
                "region_id": "ap-northeast-2",
                "status": "OK"
              },
              {
                "region_id": "ap-singapore-cloudstone",
                "status": "OK"
              },
              {
                "region_id": "ap-southeast-1",
                "status": "OK"
              },
              {
                "region_id": "ap-southeast-3",
                "status": "OK"
              },
              {
                "region_id": "ap-southeast-5",
                "status": "OK"
              },
              {
                "region_id": "ap-southeast-6",
                "status": "OK"
              },
              {
                "region_id": "ap-southeast-7",
                "status": "OK"
              },
              {
                "region_id": "cn-beijing",
                "status": "OK"
              },
              {
                "region_id": "cn-chengdu",
                "status": "OK"
              },
              {
                "region_id": "cn-guangzhou",
                "status": "OK"
              },
              {
                "region_id": "cn-hangzhou",
                "status": "OK"
              },
              {
                "region_id": "cn-hangzhou-cloudstone",
                "status": "OK"
              },
              {
                "region_id": "cn-hangzhou-mybk",
                "status": "OK"
              },
              {
                "region_id": "cn-hangzhou-test-306",
                "status": "OK"
              },
              {
                "region_id": "cn-heyuan",
                "status": "OK"
              },
              {
                "region_id": "cn-hongkong",
                "status": "OK"
              },
              {
                "region_id": "cn-huhehaote",
                "status": "OK"
              },
              {
                "region_id": "cn-nantong",
                "status": "OK"
              },
              {
                "region_id": "cn-qingdao",
                "status": "OK"
              },
              {
                "region_id": "cn-shanghai",
                "status": "OK"
              },
              {
                "region_id": "cn-shenzhen",
                "status": "OK"
              },
              {
                "region_id": "cn-wulanchabu",
                "status": "OK"
              },
              {
                "region_id": "cn-zhangjiakou",
                "status": "OK"
              },
              {
                "region_id": "cn-zhengzhou-jva",
                "status": "OK"
              },
              {
                "region_id": "eu-central-1",
                "status": "OK"
              },
              {
                "region_id": "eu-west-1",
                "status": "OK"
              },
              {
                "region_id": "me-east-1",
                "status": "OK"
              },
              {
                "region_id": "rus-west-1",
                "status": "OK"
              },
              {
                "region_id": "us-east-1",
                "status": "OK"
              },
              {
                "region_id": "us-west-1",
                "status": "OK"
              }
            ],
            "resource_group_name": "rg-insurance-uat-demo",
            "status": "OK",
            "tags": {},
            "timeouts": null
          },
          "sensitive_attributes": [],
          "identity_schema_version": 0,
          "private": "eyJlMmJmYjczMC1lY2FhLTExZTYtOGY4OC0zNDM2M2JjN2M0YzAiOnsiY3JlYXRlIjo2NjAwMDAwMDAwMDB9fQ=="
        }
      ]
    },
    {
      "module": "module.core_insurance_app",
      "mode": "managed",
      "type": "alicloud_route_table",
      "name": "preprod_web_rt",
      "provider": "provider[\"registry.terraform.io/aliyun/alicloud\"].app",
      "instances": [
        {
          "schema_version": 0,
          "attributes": {
            "associate_type": "VSwitch",
            "create_time": "2026-06-22T06:09:26Z",
            "description": "Forces PreProd web traffic through Palo Alto",
            "id": "vtb-j6ctk2nlu3ruu22suudir",
            "name": "demo-preprod-web-rt",
            "resource_group_id": "rg-acfnxteh2xsdvnq",
            "route_propagation_enable": true,
            "route_table_name": "demo-preprod-web-rt",
            "status": "Available",
            "tags": {},
            "timeouts": null,
            "vpc_id": "vpc-j6ct2wq26snr5yq144u83"
          },
          "sensitive_attributes": [],
          "identity_schema_version": 0,
          "private": "eyJlMmJmYjczMC1lY2FhLTExZTYtOGY4OC0zNDM2M2JjN2M0YzAiOnsiY3JlYXRlIjo2MDAwMDAwMDAwMDAsImRlbGV0ZSI6MzAwMDAwMDAwMDAwLCJ1cGRhdGUiOjMwMDAwMDAwMDAwMH19",
          "dependencies": [
            "module.core_insurance_app.alicloud_vpc.core_insurance"
          ]
        }
      ]
    },
    {
      "module": "module.core_insurance_app",
      "mode": "managed",
      "type": "alicloud_route_table",
      "name": "prod_web_rt",
      "provider": "provider[\"registry.terraform.io/aliyun/alicloud\"].app",
      "instances": [
        {
          "schema_version": 0,
          "attributes": {
            "associate_type": "VSwitch",
            "create_time": "2026-06-22T06:09:22Z",
            "description": "Forces Prod web traffic through Palo Alto",
            "id": "vtb-j6c0qfumfn87vdpzvzlky",
            "name": "demo-prod-web-rt",
            "resource_group_id": "rg-acfnxteh2xsdvnq",
            "route_propagation_enable": true,
            "route_table_name": "demo-prod-web-rt",
            "status": "Available",
            "tags": {},
            "timeouts": null,
            "vpc_id": "vpc-j6ct2wq26snr5yq144u83"
          },
          "sensitive_attributes": [],
          "identity_schema_version": 0,
          "private": "eyJlMmJmYjczMC1lY2FhLTExZTYtOGY4OC0zNDM2M2JjN2M0YzAiOnsiY3JlYXRlIjo2MDAwMDAwMDAwMDAsImRlbGV0ZSI6MzAwMDAwMDAwMDAwLCJ1cGRhdGUiOjMwMDAwMDAwMDAwMH19",
          "dependencies": [
            "module.core_insurance_app.alicloud_vpc.core_insurance"
          ]
        }
      ]
    },
    {
      "module": "module.core_insurance_app",
      "mode": "managed",
      "type": "alicloud_route_table",
      "name": "sit_web_rt",
      "provider": "provider[\"registry.terraform.io/aliyun/alicloud\"].app",
      "instances": [
        {
          "schema_version": 0,
          "attributes": {
            "associate_type": "VSwitch",
            "create_time": "2026-06-22T06:09:22Z",
            "description": "Forces SIT web traffic through Palo Alto",
            "id": "vtb-j6ch68tzadjpwctdtmiad",
            "name": "demo-sit-web-rt",
            "resource_group_id": "rg-acfnxteh2xsdvnq",
            "route_propagation_enable": true,
            "route_table_name": "demo-sit-web-rt",
            "status": "Available",
            "tags": {},
            "timeouts": null,
            "vpc_id": "vpc-j6ct2wq26snr5yq144u83"
          },
          "sensitive_attributes": [],
          "identity_schema_version": 0,
          "private": "eyJlMmJmYjczMC1lY2FhLTExZTYtOGY4OC0zNDM2M2JjN2M0YzAiOnsiY3JlYXRlIjo2MDAwMDAwMDAwMDAsImRlbGV0ZSI6MzAwMDAwMDAwMDAwLCJ1cGRhdGUiOjMwMDAwMDAwMDAwMH19",
          "dependencies": [
            "module.core_insurance_app.alicloud_vpc.core_insurance"
          ]
        }
      ]
    },
    {
      "module": "module.core_insurance_app",
      "mode": "managed",
      "type": "alicloud_route_table",
      "name": "uat_web_rt",
      "provider": "provider[\"registry.terraform.io/aliyun/alicloud\"].app",
      "instances": [
        {
          "schema_version": 0,
          "attributes": {
            "associate_type": "VSwitch",
            "create_time": "2026-06-22T06:09:18Z",
            "description": "Forces UAT web traffic through Palo Alto",
            "id": "vtb-j6cbgq209ruyl6kfz1wjr",
            "name": "demo-uat-web-rt",
            "resource_group_id": "rg-acfnxteh2xsdvnq",
            "route_propagation_enable": true,
            "route_table_name": "demo-uat-web-rt",
            "status": "Available",
            "tags": {},
            "timeouts": null,
            "vpc_id": "vpc-j6ct2wq26snr5yq144u83"
          },
          "sensitive_attributes": [],
          "identity_schema_version": 0,
          "private": "eyJlMmJmYjczMC1lY2FhLTExZTYtOGY4OC0zNDM2M2JjN2M0YzAiOnsiY3JlYXRlIjo2MDAwMDAwMDAwMDAsImRlbGV0ZSI6MzAwMDAwMDAwMDAwLCJ1cGRhdGUiOjMwMDAwMDAwMDAwMH19",
          "dependencies": [
            "module.core_insurance_app.alicloud_vpc.core_insurance"
          ]
        }
      ]
    },
    {
      "module": "module.core_insurance_app",
      "mode": "managed",
      "type": "alicloud_route_table_attachment",
      "name": "preprod_attach",
      "provider": "provider[\"registry.terraform.io/aliyun/alicloud\"].app",
      "instances": [
        {
          "schema_version": 0,
          "attributes": {
            "id": "vtb-j6ctk2nlu3ruu22suudir:vsw-j6cxo6d4g8vit2gcqj8v5",
            "route_table_id": "vtb-j6ctk2nlu3ruu22suudir",
            "status": "Available",
            "timeouts": null,
            "vswitch_id": "vsw-j6cxo6d4g8vit2gcqj8v5"
          },
          "sensitive_attributes": [],
          "identity_schema_version": 0,
          "private": "eyJlMmJmYjczMC1lY2FhLTExZTYtOGY4OC0zNDM2M2JjN2M0YzAiOnsiY3JlYXRlIjozMDAwMDAwMDAwMDAsImRlbGV0ZSI6MzAwMDAwMDAwMDAwfX0=",
          "dependencies": [
            "module.core_insurance_app.alicloud_route_table.preprod_web_rt",
            "module.core_insurance_app.alicloud_vpc.core_insurance",
            "module.core_insurance_app.alicloud_vswitch.preprod_web",
            "module.core_insurance_app.data.alicloud_zones.available"
          ]
        }
      ]
    },
    {
      "module": "module.core_insurance_app",
      "mode": "managed",
      "type": "alicloud_route_table_attachment",
      "name": "prod_attach",
      "provider": "provider[\"registry.terraform.io/aliyun/alicloud\"].app",
      "instances": [
        {
          "schema_version": 0,
          "attributes": {
            "id": "vtb-j6c0qfumfn87vdpzvzlky:vsw-j6c5fnoa29k4s7rvefl28",
            "route_table_id": "vtb-j6c0qfumfn87vdpzvzlky",
            "status": "Available",
            "timeouts": null,
            "vswitch_id": "vsw-j6c5fnoa29k4s7rvefl28"
          },
          "sensitive_attributes": [],
          "identity_schema_version": 0,
          "private": "eyJlMmJmYjczMC1lY2FhLTExZTYtOGY4OC0zNDM2M2JjN2M0YzAiOnsiY3JlYXRlIjozMDAwMDAwMDAwMDAsImRlbGV0ZSI6MzAwMDAwMDAwMDAwfX0=",
          "dependencies": [
            "module.core_insurance_app.alicloud_route_table.prod_web_rt",
            "module.core_insurance_app.alicloud_vpc.core_insurance",
            "module.core_insurance_app.alicloud_vswitch.prod_web",
            "module.core_insurance_app.data.alicloud_zones.available"
          ]
        }
      ]
    },
    {
      "module": "module.core_insurance_app",
      "mode": "managed",
      "type": "alicloud_route_table_attachment",
      "name": "sit_attach",
      "provider": "provider[\"registry.terraform.io/aliyun/alicloud\"].app",
      "instances": [
        {
          "schema_version": 0,
          "attributes": {
            "id": "vtb-j6ch68tzadjpwctdtmiad:vsw-j6c2svdm3h6wpaoggtean",
            "route_table_id": "vtb-j6ch68tzadjpwctdtmiad",
            "status": "Available",
            "timeouts": null,
            "vswitch_id": "vsw-j6c2svdm3h6wpaoggtean"
          },
          "sensitive_attributes": [],
          "identity_schema_version": 0,
          "private": "eyJlMmJmYjczMC1lY2FhLTExZTYtOGY4OC0zNDM2M2JjN2M0YzAiOnsiY3JlYXRlIjozMDAwMDAwMDAwMDAsImRlbGV0ZSI6MzAwMDAwMDAwMDAwfX0=",
          "dependencies": [
            "module.core_insurance_app.alicloud_route_table.sit_web_rt",
            "module.core_insurance_app.alicloud_vpc.core_insurance",
            "module.core_insurance_app.alicloud_vswitch.sit_web",
            "module.core_insurance_app.data.alicloud_zones.available"
          ]
        }
      ]
    },
    {
      "module": "module.core_insurance_app",
      "mode": "managed",
      "type": "alicloud_route_table_attachment",
      "name": "uat_attach",
      "provider": "provider[\"registry.terraform.io/aliyun/alicloud\"].app",
      "instances": [
        {
          "schema_version": 0,
          "attributes": {
            "id": "vtb-j6cbgq209ruyl6kfz1wjr:vsw-j6cqjgq8jpix9jchv5jca",
            "route_table_id": "vtb-j6cbgq209ruyl6kfz1wjr",
            "status": "Available",
            "timeouts": null,
            "vswitch_id": "vsw-j6cqjgq8jpix9jchv5jca"
          },
          "sensitive_attributes": [],
          "identity_schema_version": 0,
          "private": "eyJlMmJmYjczMC1lY2FhLTExZTYtOGY4OC0zNDM2M2JjN2M0YzAiOnsiY3JlYXRlIjozMDAwMDAwMDAwMDAsImRlbGV0ZSI6MzAwMDAwMDAwMDAwfX0=",
          "dependencies": [
            "module.core_insurance_app.alicloud_route_table.uat_web_rt",
            "module.core_insurance_app.alicloud_vpc.core_insurance",
            "module.core_insurance_app.alicloud_vswitch.uat_web",
            "module.core_insurance_app.data.alicloud_zones.available"
          ]
        }
      ]
    },
    {
      "module": "module.core_insurance_app",
      "mode": "managed",
      "type": "alicloud_security_group",
      "name": "preprod_db_sg",
      "provider": "provider[\"registry.terraform.io/aliyun/alicloud\"].app",
      "instances": [
        {
          "schema_version": 0,
          "attributes": {
            "create_time": "2026-06-22T06:09:18Z",
            "description": "Security group for Pre-Production database tier",
            "id": "sg-j6ce58vuvzxvkdytd6wp",
            "inner_access": true,
            "inner_access_policy": "Accept",
            "name": "sg-preprod-db-demo",
            "resource_group_id": "",
            "security_group_name": "sg-preprod-db-demo",
            "security_group_type": "normal",
            "tags": {
              "Environment": "PreProd",
              "ManagedBy": "Terraform",
              "Project": "LandingZone",
              "Tier": "database"
            },
            "timeouts": null,
            "vpc_id": "vpc-j6ct2wq26snr5yq144u83"
          },
          "sensitive_attributes": [],
          "identity_schema_version": 0,
          "private": "eyJlMmJmYjczMC1lY2FhLTExZTYtOGY4OC0zNDM2M2JjN2M0YzAiOnsiY3JlYXRlIjozMDAwMDAwMDAwMDAsImRlbGV0ZSI6NjAwMDAwMDAwMDAwLCJ1cGRhdGUiOjMwMDAwMDAwMDAwMH19",
          "dependencies": [
            "module.core_insurance_app.alicloud_vpc.core_insurance"
          ]
        }
      ]
    },
    {
      "module": "module.core_insurance_app",
      "mode": "managed",
      "type": "alicloud_security_group",
      "name": "preprod_web_sg",
      "provider": "provider[\"registry.terraform.io/aliyun/alicloud\"].app",
      "instances": [
        {
          "schema_version": 0,
          "attributes": {
            "create_time": "2026-06-22T06:09:18Z",
            "description": "Security group for Pre-Production web tier",
            "id": "sg-j6cc4hoijhq94aouscko",
            "inner_access": true,
            "inner_access_policy": "Accept",
            "name": "sg-preprod-web-demo",
            "resource_group_id": "",
            "security_group_name": "sg-preprod-web-demo",
            "security_group_type": "normal",
            "tags": {
              "Environment": "PreProd",
              "ManagedBy": "Terraform",
              "Project": "LandingZone",
              "Tier": "web"
            },
            "timeouts": null,
            "vpc_id": "vpc-j6ct2wq26snr5yq144u83"
          },
          "sensitive_attributes": [],
          "identity_schema_version": 0,
          "private": "eyJlMmJmYjczMC1lY2FhLTExZTYtOGY4OC0zNDM2M2JjN2M0YzAiOnsiY3JlYXRlIjozMDAwMDAwMDAwMDAsImRlbGV0ZSI6NjAwMDAwMDAwMDAwLCJ1cGRhdGUiOjMwMDAwMDAwMDAwMH19",
          "dependencies": [
            "module.core_insurance_app.alicloud_vpc.core_insurance"
          ]
        }
      ]
    },
    {
      "module": "module.core_insurance_app",
      "mode": "managed",
      "type": "alicloud_security_group",
      "name": "prod_db_sg",
      "provider": "provider[\"registry.terraform.io/aliyun/alicloud\"].app",
      "instances": [
        {
          "schema_version": 0,
          "attributes": {
            "create_time": "2026-06-22T06:09:19Z",
            "description": "Security group for Production database tier - strict access",
            "id": "sg-j6cgcvpewkvdxxqha9xx",
            "inner_access": true,
            "inner_access_policy": "Accept",
            "name": "sg-prod-db-demo",
            "resource_group_id": "",
            "security_group_name": "sg-prod-db-demo",
            "security_group_type": "normal",
            "tags": {
              "Environment": "Prod",
              "ManagedBy": "Terraform",
              "Project": "LandingZone",
              "Tier": "database"
            },
            "timeouts": null,
            "vpc_id": "vpc-j6ct2wq26snr5yq144u83"
          },
          "sensitive_attributes": [],
          "identity_schema_version": 0,
          "private": "eyJlMmJmYjczMC1lY2FhLTExZTYtOGY4OC0zNDM2M2JjN2M0YzAiOnsiY3JlYXRlIjozMDAwMDAwMDAwMDAsImRlbGV0ZSI6NjAwMDAwMDAwMDAwLCJ1cGRhdGUiOjMwMDAwMDAwMDAwMH19",
          "dependencies": [
            "module.core_insurance_app.alicloud_vpc.core_insurance"
          ]
        }
      ]
    },
    {
      "module": "module.core_insurance_app",
      "mode": "managed",
      "type": "alicloud_security_group",
      "name": "prod_web_sg",
      "provider": "provider[\"registry.terraform.io/aliyun/alicloud\"].app",
      "instances": [
        {
          "schema_version": 0,
          "attributes": {
            "create_time": "2026-06-22T06:09:18Z",
            "description": "Security group for Production web tier - highest security",
            "id": "sg-j6ca5f876r32dk3n2v1l",
            "inner_access": true,
            "inner_access_policy": "Accept",
            "name": "sg-prod-web-demo",
            "resource_group_id": "",
            "security_group_name": "sg-prod-web-demo",
            "security_group_type": "normal",
            "tags": {
              "Environment": "Prod",
              "ManagedBy": "Terraform",
              "Project": "LandingZone",
              "Tier": "web"
            },
            "timeouts": null,
            "vpc_id": "vpc-j6ct2wq26snr5yq144u83"
          },
          "sensitive_attributes": [],
          "identity_schema_version": 0,
          "private": "eyJlMmJmYjczMC1lY2FhLTExZTYtOGY4OC0zNDM2M2JjN2M0YzAiOnsiY3JlYXRlIjozMDAwMDAwMDAwMDAsImRlbGV0ZSI6NjAwMDAwMDAwMDAwLCJ1cGRhdGUiOjMwMDAwMDAwMDAwMH19",
          "dependencies": [
            "module.core_insurance_app.alicloud_vpc.core_insurance"
          ]
        }
      ]
    },
    {
      "module": "module.core_insurance_app",
      "mode": "managed",
      "type": "alicloud_security_group",
      "name": "sit_db_sg",
      "provider": "provider[\"registry.terraform.io/aliyun/alicloud\"].app",
      "instances": [
        {
          "schema_version": 0,
          "attributes": {
            "create_time": "2026-06-22T06:09:18Z",
            "description": "",
            "id": "sg-j6chg2tcz36q9bwve6vr",
            "inner_access": true,
            "inner_access_policy": "Accept",
            "name": "sg-sit-db-demo",
            "resource_group_id": "",
            "security_group_name": "sg-sit-db-demo",
            "security_group_type": "normal",
            "tags": {
              "Environment": "SIT",
              "ManagedBy": "Terraform",
              "Project": "LandingZone",
              "Tier": "database"
            },
            "timeouts": null,
            "vpc_id": "vpc-j6ct2wq26snr5yq144u83"
          },
          "sensitive_attributes": [],
          "identity_schema_version": 0,
          "private": "eyJlMmJmYjczMC1lY2FhLTExZTYtOGY4OC0zNDM2M2JjN2M0YzAiOnsiY3JlYXRlIjozMDAwMDAwMDAwMDAsImRlbGV0ZSI6NjAwMDAwMDAwMDAwLCJ1cGRhdGUiOjMwMDAwMDAwMDAwMH19",
          "dependencies": [
            "module.core_insurance_app.alicloud_vpc.core_insurance"
          ]
        }
      ]
    },
    {
      "module": "module.core_insurance_app",
      "mode": "managed",
      "type": "alicloud_security_group",
      "name": "sit_web_sg",
      "provider": "provider[\"registry.terraform.io/aliyun/alicloud\"].app",
      "instances": [
        {
          "schema_version": 0,
          "attributes": {
            "create_time": "2026-06-22T06:09:18Z",
            "description": "Security group for SIT web tier - inbound only from Palo Alto",
            "id": "sg-j6c6xhvpez8xnn04qsd8",
            "inner_access": true,
            "inner_access_policy": "Accept",
            "name": "sg-sit-web-demo",
            "resource_group_id": "",
            "security_group_name": "sg-sit-web-demo",
            "security_group_type": "normal",
            "tags": {
              "Environment": "SIT",
              "ManagedBy": "Terraform",
              "Project": "LandingZone",
              "Tier": "web"
            },
            "timeouts": null,
            "vpc_id": "vpc-j6ct2wq26snr5yq144u83"
          },
          "sensitive_attributes": [],
          "identity_schema_version": 0,
          "private": "eyJlMmJmYjczMC1lY2FhLTExZTYtOGY4OC0zNDM2M2JjN2M0YzAiOnsiY3JlYXRlIjozMDAwMDAwMDAwMDAsImRlbGV0ZSI6NjAwMDAwMDAwMDAwLCJ1cGRhdGUiOjMwMDAwMDAwMDAwMH19",
          "dependencies": [
            "module.core_insurance_app.alicloud_vpc.core_insurance"
          ]
        }
      ]
    },
    {
      "module": "module.core_insurance_app",
      "mode": "managed",
      "type": "alicloud_security_group",
      "name": "uat_db_sg",
      "provider": "provider[\"registry.terraform.io/aliyun/alicloud\"].app",
      "instances": [
        {
          "schema_version": 0,
          "attributes": {
            "create_time": "2026-06-22T06:09:22Z",
            "description": "Security group for UAT database tier",
            "id": "sg-j6c1nhngvjveotbnxris",
            "inner_access": true,
            "inner_access_policy": "Accept",
            "name": "sg-uat-db-demo",
            "resource_group_id": "",
            "security_group_name": "sg-uat-db-demo",
            "security_group_type": "normal",
            "tags": {
              "Environment": "UAT",
              "ManagedBy": "Terraform",
              "Project": "LandingZone",
              "Tier": "database"
            },
            "timeouts": null,
            "vpc_id": "vpc-j6ct2wq26snr5yq144u83"
          },
          "sensitive_attributes": [],
          "identity_schema_version": 0,
          "private": "eyJlMmJmYjczMC1lY2FhLTExZTYtOGY4OC0zNDM2M2JjN2M0YzAiOnsiY3JlYXRlIjozMDAwMDAwMDAwMDAsImRlbGV0ZSI6NjAwMDAwMDAwMDAwLCJ1cGRhdGUiOjMwMDAwMDAwMDAwMH19",
          "dependencies": [
            "module.core_insurance_app.alicloud_vpc.core_insurance"
          ]
        }
      ]
    },
    {
      "module": "module.core_insurance_app",
      "mode": "managed",
      "type": "alicloud_security_group",
      "name": "uat_web_sg",
      "provider": "provider[\"registry.terraform.io/aliyun/alicloud\"].app",
      "instances": [
        {
          "schema_version": 0,
          "attributes": {
            "create_time": "2026-06-22T06:09:18Z",
            "description": "Security group for UAT web tier",
            "id": "sg-j6c6xhvpez8xnn04qsd9",
            "inner_access": true,
            "inner_access_policy": "Accept",
            "name": "sg-uat-web-demo",
            "resource_group_id": "",
            "security_group_name": "sg-uat-web-demo",
            "security_group_type": "normal",
            "tags": {
              "Environment": "UAT",
              "ManagedBy": "Terraform",
              "Project": "LandingZone",
              "Tier": "web"
            },
            "timeouts": null,
            "vpc_id": "vpc-j6ct2wq26snr5yq144u83"
          },
          "sensitive_attributes": [],
          "identity_schema_version": 0,
          "private": "eyJlMmJmYjczMC1lY2FhLTExZTYtOGY4OC0zNDM2M2JjN2M0YzAiOnsiY3JlYXRlIjozMDAwMDAwMDAwMDAsImRlbGV0ZSI6NjAwMDAwMDAwMDAwLCJ1cGRhdGUiOjMwMDAwMDAwMDAwMH19",
          "dependencies": [
            "module.core_insurance_app.alicloud_vpc.core_insurance"
          ]
        }
      ]
    },
    {
      "module": "module.core_insurance_app",
      "mode": "managed",
      "type": "alicloud_security_group_rule",
      "name": "block_preprod_to_prod",
      "provider": "provider[\"registry.terraform.io/aliyun/alicloud\"].app",
      "instances": [
        {
          "schema_version": 0,
          "attributes": {
            "cidr_ip": "",
            "description": "Isolation: Block PreProd from Prod DB",
            "id": "sg-j6cgcvpewkvdxxqha9xx:ingress:all:-1/-1:\u003cnil\u003e:sg-j6cc4hoijhq94aouscko:drop:1",
            "ip_protocol": "all",
            "ipv6_cidr_ip": "",
            "nic_type": "intranet",
            "policy": "drop",
            "port_range": "-1/-1",
            "prefix_list_id": "",
            "priority": 1,
            "security_group_id": "sg-j6cgcvpewkvdxxqha9xx",
            "security_group_rule_id": "sgr-j6ci93vrsyovczy2u9qm",
            "source_group_owner_account": "",
            "source_security_group_id": "sg-j6cc4hoijhq94aouscko",
            "type": "ingress"
          },
          "sensitive_attributes": [],
          "identity_schema_version": 0,
          "private": "bnVsbA==",
          "dependencies": [
            "module.core_insurance_app.alicloud_security_group.preprod_web_sg",
            "module.core_insurance_app.alicloud_security_group.prod_db_sg",
            "module.core_insurance_app.alicloud_vpc.core_insurance"
          ]
        }
      ]
    },
    {
      "module": "module.core_insurance_app",
      "mode": "managed",
      "type": "alicloud_security_group_rule",
      "name": "block_sit_to_uat",
      "provider": "provider[\"registry.terraform.io/aliyun/alicloud\"].app",
      "instances": [
        {
          "schema_version": 0,
          "attributes": {
            "cidr_ip": "",
            "description": "Isolation: Block SIT web from UAT DB",
            "id": "sg-j6c1nhngvjveotbnxris:ingress:all:-1/-1:\u003cnil\u003e:sg-j6c6xhvpez8xnn04qsd8:drop:1",
            "ip_protocol": "all",
            "ipv6_cidr_ip": "",
            "nic_type": "intranet",
            "policy": "drop",
            "port_range": "-1/-1",
            "prefix_list_id": "",
            "priority": 1,
            "security_group_id": "sg-j6c1nhngvjveotbnxris",
            "security_group_rule_id": "sgr-j6c0th7lilubhmw01k93",
            "source_group_owner_account": "",
            "source_security_group_id": "sg-j6c6xhvpez8xnn04qsd8",
            "type": "ingress"
          },
          "sensitive_attributes": [],
          "identity_schema_version": 0,
          "private": "bnVsbA==",
          "dependencies": [
            "module.core_insurance_app.alicloud_security_group.sit_web_sg",
            "module.core_insurance_app.alicloud_security_group.uat_db_sg",
            "module.core_insurance_app.alicloud_vpc.core_insurance"
          ]
        }
      ]
    },
    {
      "module": "module.core_insurance_app",
      "mode": "managed",
      "type": "alicloud_security_group_rule",
      "name": "block_uat_to_prod",
      "provider": "provider[\"registry.terraform.io/aliyun/alicloud\"].app",
      "instances": [
        {
          "schema_version": 0,
          "attributes": {
            "cidr_ip": "",
            "description": "Isolation: Block UAT web from Prod DB",
            "id": "sg-j6cgcvpewkvdxxqha9xx:ingress:all:-1/-1:\u003cnil\u003e:sg-j6c6xhvpez8xnn04qsd9:drop:1",
            "ip_protocol": "all",
            "ipv6_cidr_ip": "",
            "nic_type": "intranet",
            "policy": "drop",
            "port_range": "-1/-1",
            "prefix_list_id": "",
            "priority": 1,
            "security_group_id": "sg-j6cgcvpewkvdxxqha9xx",
            "security_group_rule_id": "sgr-j6cg3pt0ufrgxp148j9l",
            "source_group_owner_account": "",
            "source_security_group_id": "sg-j6c6xhvpez8xnn04qsd9",
            "type": "ingress"
          },
          "sensitive_attributes": [],
          "identity_schema_version": 0,
          "private": "bnVsbA==",
          "dependencies": [
            "module.core_insurance_app.alicloud_security_group.prod_db_sg",
            "module.core_insurance_app.alicloud_security_group.uat_web_sg",
            "module.core_insurance_app.alicloud_vpc.core_insurance"
          ]
        }
      ]
    },
    {
      "module": "module.core_insurance_app",
      "mode": "managed",
      "type": "alicloud_security_group_rule",
      "name": "preprod_db_mssql",
      "provider": "provider[\"registry.terraform.io/aliyun/alicloud\"].app",
      "instances": [
        {
          "schema_version": 0,
          "attributes": {
            "cidr_ip": "",
            "description": "SQL Server from PreProd web tier",
            "id": "sg-j6ce58vuvzxvkdytd6wp:ingress:tcp:1433/1433:\u003cnil\u003e:sg-j6cc4hoijhq94aouscko:accept:1",
            "ip_protocol": "tcp",
            "ipv6_cidr_ip": "",
            "nic_type": "intranet",
            "policy": "accept",
            "port_range": "1433/1433",
            "prefix_list_id": "",
            "priority": 1,
            "security_group_id": "sg-j6ce58vuvzxvkdytd6wp",
            "security_group_rule_id": "sgr-j6cc392ukjv7cwrw56ez",
            "source_group_owner_account": "",
            "source_security_group_id": "sg-j6cc4hoijhq94aouscko",
            "type": "ingress"
          },
          "sensitive_attributes": [],
          "identity_schema_version": 0,
          "private": "bnVsbA==",
          "dependencies": [
            "module.core_insurance_app.alicloud_security_group.preprod_db_sg",
            "module.core_insurance_app.alicloud_security_group.preprod_web_sg",
            "module.core_insurance_app.alicloud_vpc.core_insurance"
          ]
        }
      ]
    },
    {
      "module": "module.core_insurance_app",
      "mode": "managed",
      "type": "alicloud_security_group_rule",
      "name": "preprod_web_deny_direct",
      "provider": "provider[\"registry.terraform.io/aliyun/alicloud\"].app",
      "instances": [
        {
          "schema_version": 0,
          "attributes": {
            "cidr_ip": "0.0.0.0/0",
            "description": "Block direct internet access",
            "id": "sg-j6cc4hoijhq94aouscko:ingress:tcp:1/65535:\u003cnil\u003e:0.0.0.0/0:drop:100",
            "ip_protocol": "tcp",
            "ipv6_cidr_ip": "",
            "nic_type": "intranet",
            "policy": "drop",
            "port_range": "1/65535",
            "prefix_list_id": "",
            "priority": 100,
            "security_group_id": "sg-j6cc4hoijhq94aouscko",
            "security_group_rule_id": "sgr-j6camnt3ocwlvyvgi9rb",
            "source_group_owner_account": "",
            "source_security_group_id": "",
            "type": "ingress"
          },
          "sensitive_attributes": [],
          "identity_schema_version": 0,
          "private": "bnVsbA==",
          "dependencies": [
            "module.core_insurance_app.alicloud_security_group.preprod_web_sg",
            "module.core_insurance_app.alicloud_vpc.core_insurance"
          ]
        }
      ]
    },
    {
      "module": "module.core_insurance_app",
      "mode": "managed",
      "type": "alicloud_security_group_rule",
      "name": "preprod_web_http",
      "provider": "provider[\"registry.terraform.io/aliyun/alicloud\"].app",
      "instances": [
        {
          "schema_version": 0,
          "attributes": {
            "cidr_ip": "10.20.2.0/24",
            "description": "HTTP via Palo Alto",
            "id": "sg-j6cc4hoijhq94aouscko:ingress:tcp:80/80:\u003cnil\u003e:10.20.2.0/24:accept:1",
            "ip_protocol": "tcp",
            "ipv6_cidr_ip": "",
            "nic_type": "intranet",
            "policy": "accept",
            "port_range": "80/80",
            "prefix_list_id": "",
            "priority": 1,
            "security_group_id": "sg-j6cc4hoijhq94aouscko",
            "security_group_rule_id": "sgr-j6c863joe4y8f6cxhmcy",
            "source_group_owner_account": "",
            "source_security_group_id": "",
            "type": "ingress"
          },
          "sensitive_attributes": [],
          "identity_schema_version": 0,
          "private": "bnVsbA==",
          "dependencies": [
            "module.core_insurance_app.alicloud_security_group.preprod_web_sg",
            "module.core_insurance_app.alicloud_vpc.core_insurance"
          ]
        }
      ]
    },
    {
      "module": "module.core_insurance_app",
      "mode": "managed",
      "type": "alicloud_security_group_rule",
      "name": "preprod_web_https",
      "provider": "provider[\"registry.terraform.io/aliyun/alicloud\"].app",
      "instances": [
        {
          "schema_version": 0,
          "attributes": {
            "cidr_ip": "10.20.2.0/24",
            "description": "HTTPS via Palo Alto",
            "id": "sg-j6cc4hoijhq94aouscko:ingress:tcp:443/443:\u003cnil\u003e:10.20.2.0/24:accept:1",
            "ip_protocol": "tcp",
            "ipv6_cidr_ip": "",
            "nic_type": "intranet",
            "policy": "accept",
            "port_range": "443/443",
            "prefix_list_id": "",
            "priority": 1,
            "security_group_id": "sg-j6cc4hoijhq94aouscko",
            "security_group_rule_id": "sgr-j6chtpfongtu8u9a2314",
            "source_group_owner_account": "",
            "source_security_group_id": "",
            "type": "ingress"
          },
          "sensitive_attributes": [],
          "identity_schema_version": 0,
          "private": "bnVsbA==",
          "dependencies": [
            "module.core_insurance_app.alicloud_security_group.preprod_web_sg",
            "module.core_insurance_app.alicloud_vpc.core_insurance"
          ]
        }
      ]
    },
    {
      "module": "module.core_insurance_app",
      "mode": "managed",
      "type": "alicloud_security_group_rule",
      "name": "preprod_web_ssh",
      "provider": "provider[\"registry.terraform.io/aliyun/alicloud\"].app",
      "instances": [
        {
          "schema_version": 0,
          "attributes": {
            "cidr_ip": "10.10.30.0/24",
            "description": "SSH from Ops",
            "id": "sg-j6cc4hoijhq94aouscko:ingress:tcp:22/22:\u003cnil\u003e:10.10.30.0/24:accept:1",
            "ip_protocol": "tcp",
            "ipv6_cidr_ip": "",
            "nic_type": "intranet",
            "policy": "accept",
            "port_range": "22/22",
            "prefix_list_id": "",
            "priority": 1,
            "security_group_id": "sg-j6cc4hoijhq94aouscko",
            "security_group_rule_id": "sgr-j6cebgnvbwqxthpqizl0",
            "source_group_owner_account": "",
            "source_security_group_id": "",
            "type": "ingress"
          },
          "sensitive_attributes": [],
          "identity_schema_version": 0,
          "private": "bnVsbA==",
          "dependencies": [
            "module.core_insurance_app.alicloud_security_group.preprod_web_sg",
            "module.core_insurance_app.alicloud_vpc.core_insurance"
          ]
        }
      ]
    },
    {
      "module": "module.core_insurance_app",
      "mode": "managed",
      "type": "alicloud_security_group_rule",
      "name": "prod_db_mssql",
      "provider": "provider[\"registry.terraform.io/aliyun/alicloud\"].app",
      "instances": [
        {
          "schema_version": 0,
          "attributes": {
            "cidr_ip": "",
            "description": "SQL Server from Prod web tier only",
            "id": "sg-j6cgcvpewkvdxxqha9xx:ingress:tcp:1433/1433:\u003cnil\u003e:sg-j6ca5f876r32dk3n2v1l:accept:1",
            "ip_protocol": "tcp",
            "ipv6_cidr_ip": "",
            "nic_type": "intranet",
            "policy": "accept",
            "port_range": "1433/1433",
            "prefix_list_id": "",
            "priority": 1,
            "security_group_id": "sg-j6cgcvpewkvdxxqha9xx",
            "security_group_rule_id": "sgr-j6chdvlx2aoeq0v9z1rd",
            "source_group_owner_account": "",
            "source_security_group_id": "sg-j6ca5f876r32dk3n2v1l",
            "type": "ingress"
          },
          "sensitive_attributes": [],
          "identity_schema_version": 0,
          "private": "bnVsbA==",
          "dependencies": [
            "module.core_insurance_app.alicloud_security_group.prod_db_sg",
            "module.core_insurance_app.alicloud_security_group.prod_web_sg",
            "module.core_insurance_app.alicloud_vpc.core_insurance"
          ]
        }
      ]
    },
    {
      "module": "module.core_insurance_app",
      "mode": "managed",
      "type": "alicloud_security_group_rule",
      "name": "prod_web_deny_direct",
      "provider": "provider[\"registry.terraform.io/aliyun/alicloud\"].app",
      "instances": [
        {
          "schema_version": 0,
          "attributes": {
            "cidr_ip": "0.0.0.0/0",
            "description": "Explicitly block all direct internet access",
            "id": "sg-j6ca5f876r32dk3n2v1l:ingress:all:-1/-1:\u003cnil\u003e:0.0.0.0/0:drop:100",
            "ip_protocol": "all",
            "ipv6_cidr_ip": "",
            "nic_type": "intranet",
            "policy": "drop",
            "port_range": "-1/-1",
            "prefix_list_id": "",
            "priority": 100,
            "security_group_id": "sg-j6ca5f876r32dk3n2v1l",
            "security_group_rule_id": "sgr-j6caikxh6v2qkagevbvi",
            "source_group_owner_account": "",
            "source_security_group_id": "",
            "type": "ingress"
          },
          "sensitive_attributes": [],
          "identity_schema_version": 0,
          "private": "bnVsbA==",
          "dependencies": [
            "module.core_insurance_app.alicloud_security_group.prod_web_sg",
            "module.core_insurance_app.alicloud_vpc.core_insurance"
          ]
        }
      ]
    },
    {
      "module": "module.core_insurance_app",
      "mode": "managed",
      "type": "alicloud_security_group_rule",
      "name": "prod_web_https",
      "provider": "provider[\"registry.terraform.io/aliyun/alicloud\"].app",
      "instances": [
        {
          "schema_version": 0,
          "attributes": {
            "cidr_ip": "10.20.2.0/24",
            "description": "HTTPS only via Palo Alto (no HTTP for prod)",
            "id": "sg-j6ca5f876r32dk3n2v1l:ingress:tcp:443/443:\u003cnil\u003e:10.20.2.0/24:accept:1",
            "ip_protocol": "tcp",
            "ipv6_cidr_ip": "",
            "nic_type": "intranet",
            "policy": "accept",
            "port_range": "443/443",
            "prefix_list_id": "",
            "priority": 1,
            "security_group_id": "sg-j6ca5f876r32dk3n2v1l",
            "security_group_rule_id": "sgr-j6chdvlx2aoeq0v9z1rc",
            "source_group_owner_account": "",
            "source_security_group_id": "",
            "type": "ingress"
          },
          "sensitive_attributes": [],
          "identity_schema_version": 0,
          "private": "bnVsbA==",
          "dependencies": [
            "module.core_insurance_app.alicloud_security_group.prod_web_sg",
            "module.core_insurance_app.alicloud_vpc.core_insurance"
          ]
        }
      ]
    },
    {
      "module": "module.core_insurance_app",
      "mode": "managed",
      "type": "alicloud_security_group_rule",
      "name": "prod_web_out_api",
      "provider": "provider[\"registry.terraform.io/aliyun/alicloud\"].app",
      "instances": [
        {
          "schema_version": 0,
          "attributes": {
            "cidr_ip": "0.0.0.0/0",
            "description": "API calls outbound",
            "id": "sg-j6ca5f876r32dk3n2v1l:egress:tcp:8080/8080:\u003cnil\u003e:0.0.0.0/0:accept:1",
            "ip_protocol": "tcp",
            "ipv6_cidr_ip": "",
            "nic_type": "intranet",
            "policy": "accept",
            "port_range": "8080/8080",
            "prefix_list_id": "",
            "priority": 1,
            "security_group_id": "sg-j6ca5f876r32dk3n2v1l",
            "security_group_rule_id": "sgr-j6c1t67dueqn7oq63z10",
            "source_group_owner_account": "",
            "source_security_group_id": "",
            "type": "egress"
          },
          "sensitive_attributes": [],
          "identity_schema_version": 0,
          "private": "bnVsbA==",
          "dependencies": [
            "module.core_insurance_app.alicloud_security_group.prod_web_sg",
            "module.core_insurance_app.alicloud_vpc.core_insurance"
          ]
        }
      ]
    },
    {
      "module": "module.core_insurance_app",
      "mode": "managed",
      "type": "alicloud_security_group_rule",
      "name": "prod_web_out_https",
      "provider": "provider[\"registry.terraform.io/aliyun/alicloud\"].app",
      "instances": [
        {
          "schema_version": 0,
          "attributes": {
            "cidr_ip": "0.0.0.0/0",
            "description": "HTTPS outbound (routed through Palo Alto)",
            "id": "sg-j6ca5f876r32dk3n2v1l:egress:tcp:443/443:\u003cnil\u003e:0.0.0.0/0:accept:1",
            "ip_protocol": "tcp",
            "ipv6_cidr_ip": "",
            "nic_type": "intranet",
            "policy": "accept",
            "port_range": "443/443",
            "prefix_list_id": "",
            "priority": 1,
            "security_group_id": "sg-j6ca5f876r32dk3n2v1l",
            "security_group_rule_id": "sgr-j6c8nz73gd9twcsb6xbu",
            "source_group_owner_account": "",
            "source_security_group_id": "",
            "type": "egress"
          },
          "sensitive_attributes": [],
          "identity_schema_version": 0,
          "private": "bnVsbA==",
          "dependencies": [
            "module.core_insurance_app.alicloud_security_group.prod_web_sg",
            "module.core_insurance_app.alicloud_vpc.core_insurance"
          ]
        }
      ]
    },
    {
      "module": "module.core_insurance_app",
      "mode": "managed",
      "type": "alicloud_security_group_rule",
      "name": "prod_web_ssh",
      "provider": "provider[\"registry.terraform.io/aliyun/alicloud\"].app",
      "instances": [
        {
          "schema_version": 0,
          "attributes": {
            "cidr_ip": "10.10.30.0/24",
            "description": "SSH from Ops bastion only",
            "id": "sg-j6ca5f876r32dk3n2v1l:ingress:tcp:22/22:\u003cnil\u003e:10.10.30.0/24:accept:1",
            "ip_protocol": "tcp",
            "ipv6_cidr_ip": "",
            "nic_type": "intranet",
            "policy": "accept",
            "port_range": "22/22",
            "prefix_list_id": "",
            "priority": 1,
            "security_group_id": "sg-j6ca5f876r32dk3n2v1l",
            "security_group_rule_id": "sgr-j6c1nhngvjveotblcejv",
            "source_group_owner_account": "",
            "source_security_group_id": "",
            "type": "ingress"
          },
          "sensitive_attributes": [],
          "identity_schema_version": 0,
          "private": "bnVsbA==",
          "dependencies": [
            "module.core_insurance_app.alicloud_security_group.prod_web_sg",
            "module.core_insurance_app.alicloud_vpc.core_insurance"
          ]
        }
      ]
    },
    {
      "module": "module.core_insurance_app",
      "mode": "managed",
      "type": "alicloud_security_group_rule",
      "name": "prod_web_ssh_restricted",
      "provider": "provider[\"registry.terraform.io/aliyun/alicloud\"].app",
      "instances": [
        {
          "schema_version": 0,
          "attributes": {
            "cidr_ip": "10.100.0.0/16",
            "description": "SSH from restricted admin IPs only",
            "id": "sg-j6ca5f876r32dk3n2v1l:ingress:tcp:22/22:\u003cnil\u003e:10.100.0.0/16:accept:1",
            "ip_protocol": "tcp",
            "ipv6_cidr_ip": "",
            "nic_type": "intranet",
            "policy": "accept",
            "port_range": "22/22",
            "prefix_list_id": "",
            "priority": 1,
            "security_group_id": "sg-j6ca5f876r32dk3n2v1l",
            "security_group_rule_id": "sgr-j6c2w9gws6x5198lexlc",
            "source_group_owner_account": "",
            "source_security_group_id": "",
            "type": "ingress"
          },
          "sensitive_attributes": [],
          "identity_schema_version": 0,
          "private": "bnVsbA==",
          "dependencies": [
            "module.core_insurance_app.alicloud_security_group.prod_web_sg",
            "module.core_insurance_app.alicloud_vpc.core_insurance"
          ]
        }
      ]
    },
    {
      "module": "module.core_insurance_app",
      "mode": "managed",
      "type": "alicloud_security_group_rule",
      "name": "sit_db_mssql",
      "provider": "provider[\"registry.terraform.io/aliyun/alicloud\"].app",
      "instances": [
        {
          "schema_version": 0,
          "attributes": {
            "cidr_ip": "10.10.0.0/16",
            "description": "SQL Server from SIT web tier only",
            "id": "sg-j6chg2tcz36q9bwve6vr:ingress:tcp:1433/1433:\u003cnil\u003e:10.10.0.0/16:accept:1",
            "ip_protocol": "tcp",
            "ipv6_cidr_ip": "",
            "nic_type": "intranet",
            "policy": "accept",
            "port_range": "1433/1433",
            "prefix_list_id": "",
            "priority": 1,
            "security_group_id": "sg-j6chg2tcz36q9bwve6vr",
            "security_group_rule_id": "sgr-j6c6gq7ulq2x5h641cbu",
            "source_group_owner_account": "",
            "source_security_group_id": "",
            "type": "ingress"
          },
          "sensitive_attributes": [],
          "identity_schema_version": 0,
          "private": "bnVsbA==",
          "dependencies": [
            "module.core_insurance_app.alicloud_security_group.sit_db_sg",
            "module.core_insurance_app.alicloud_vpc.core_insurance"
          ]
        }
      ]
    },
    {
      "module": "module.core_insurance_app",
      "mode": "managed",
      "type": "alicloud_security_group_rule",
      "name": "sit_db_mysql",
      "provider": "provider[\"registry.terraform.io/aliyun/alicloud\"].app",
      "instances": [
        {
          "schema_version": 0,
          "attributes": {
            "cidr_ip": "10.20.2.0/24",
            "description": "MySQL from SIT web tier only",
            "id": "sg-j6chg2tcz36q9bwve6vr:ingress:tcp:3306/3306:\u003cnil\u003e:10.20.2.0/24:accept:1",
            "ip_protocol": "tcp",
            "ipv6_cidr_ip": "",
            "nic_type": "intranet",
            "policy": "accept",
            "port_range": "3306/3306",
            "prefix_list_id": "",
            "priority": 1,
            "security_group_id": "sg-j6chg2tcz36q9bwve6vr",
            "security_group_rule_id": "sgr-j6ce3727cnmi5xuj2dwm",
            "source_group_owner_account": "",
            "source_security_group_id": "",
            "type": "ingress"
          },
          "sensitive_attributes": [],
          "identity_schema_version": 0,
          "private": "bnVsbA==",
          "dependencies": [
            "module.core_insurance_app.alicloud_security_group.sit_db_sg",
            "module.core_insurance_app.alicloud_vpc.core_insurance"
          ]
        }
      ]
    },
    {
      "module": "module.core_insurance_app",
      "mode": "managed",
      "type": "alicloud_security_group_rule",
      "name": "sit_web_deny_direct",
      "provider": "provider[\"registry.terraform.io/aliyun/alicloud\"].app",
      "instances": [
        {
          "schema_version": 0,
          "attributes": {
            "cidr_ip": "10.20.2.0/24",
            "description": "Explicitly block direct internet access - must go through Palo Alto",
            "id": "sg-j6c6xhvpez8xnn04qsd8:ingress:tcp:1/65535:\u003cnil\u003e:10.20.2.0/24:drop:100",
            "ip_protocol": "tcp",
            "ipv6_cidr_ip": "",
            "nic_type": "intranet",
            "policy": "drop",
            "port_range": "1/65535",
            "prefix_list_id": "",
            "priority": 100,
            "security_group_id": "sg-j6c6xhvpez8xnn04qsd8",
            "security_group_rule_id": "sgr-j6c1t67dueqn7oq63z0z",
            "source_group_owner_account": "",
            "source_security_group_id": "",
            "type": "ingress"
          },
          "sensitive_attributes": [],
          "identity_schema_version": 0,
          "private": "bnVsbA==",
          "dependencies": [
            "module.core_insurance_app.alicloud_security_group.sit_web_sg",
            "module.core_insurance_app.alicloud_vpc.core_insurance"
          ]
        }
      ]
    },
    {
      "module": "module.core_insurance_app",
      "mode": "managed",
      "type": "alicloud_security_group_rule",
      "name": "sit_web_health",
      "provider": "provider[\"registry.terraform.io/aliyun/alicloud\"].app",
      "instances": [
        {
          "schema_version": 0,
          "attributes": {
            "cidr_ip": "10.10.0.0/16",
            "description": "Health checks from unified ingress SLB",
            "id": "sg-j6c6xhvpez8xnn04qsd8:ingress:tcp:80/80:\u003cnil\u003e:10.10.0.0/16:accept:1",
            "ip_protocol": "tcp",
            "ipv6_cidr_ip": "",
            "nic_type": "intranet",
            "policy": "accept",
            "port_range": "80/80",
            "prefix_list_id": "",
            "priority": 1,
            "security_group_id": "sg-j6c6xhvpez8xnn04qsd8",
            "security_group_rule_id": "sgr-j6cg5d0oll1lyblcf48h",
            "source_group_owner_account": "",
            "source_security_group_id": "",
            "type": "ingress"
          },
          "sensitive_attributes": [],
          "identity_schema_version": 0,
          "private": "bnVsbA==",
          "dependencies": [
            "module.core_insurance_app.alicloud_security_group.sit_web_sg",
            "module.core_insurance_app.alicloud_vpc.core_insurance"
          ]
        }
      ]
    },
    {
      "module": "module.core_insurance_app",
      "mode": "managed",
      "type": "alicloud_security_group_rule",
      "name": "sit_web_http",
      "provider": "provider[\"registry.terraform.io/aliyun/alicloud\"].app",
      "instances": [
        {
          "schema_version": 0,
          "attributes": {
            "cidr_ip": "10.20.2.0/24",
            "description": "HTTP traffic inspected by Palo Alto",
            "id": "sg-j6c6xhvpez8xnn04qsd8:ingress:tcp:80/80:\u003cnil\u003e:10.20.2.0/24:accept:1",
            "ip_protocol": "tcp",
            "ipv6_cidr_ip": "",
            "nic_type": "intranet",
            "policy": "accept",
            "port_range": "80/80",
            "prefix_list_id": "",
            "priority": 1,
            "security_group_id": "sg-j6c6xhvpez8xnn04qsd8",
            "security_group_rule_id": "sgr-j6cbh23a60vazwchrniy",
            "source_group_owner_account": "",
            "source_security_group_id": "",
            "type": "ingress"
          },
          "sensitive_attributes": [],
          "identity_schema_version": 0,
          "private": "bnVsbA==",
          "dependencies": [
            "module.core_insurance_app.alicloud_security_group.sit_web_sg",
            "module.core_insurance_app.alicloud_vpc.core_insurance"
          ]
        }
      ]
    },
    {
      "module": "module.core_insurance_app",
      "mode": "managed",
      "type": "alicloud_security_group_rule",
      "name": "sit_web_https",
      "provider": "provider[\"registry.terraform.io/aliyun/alicloud\"].app",
      "instances": [
        {
          "schema_version": 0,
          "attributes": {
            "cidr_ip": "10.20.2.0/24",
            "description": "HTTPS traffic inspected by Palo Alto",
            "id": "sg-j6c6xhvpez8xnn04qsd8:ingress:tcp:443/443:\u003cnil\u003e:10.20.2.0/24:accept:1",
            "ip_protocol": "tcp",
            "ipv6_cidr_ip": "",
            "nic_type": "intranet",
            "policy": "accept",
            "port_range": "443/443",
            "prefix_list_id": "",
            "priority": 1,
            "security_group_id": "sg-j6c6xhvpez8xnn04qsd8",
            "security_group_rule_id": "sgr-j6c1t67dueqn7oq63z0x",
            "source_group_owner_account": "",
            "source_security_group_id": "",
            "type": "ingress"
          },
          "sensitive_attributes": [],
          "identity_schema_version": 0,
          "private": "bnVsbA==",
          "dependencies": [
            "module.core_insurance_app.alicloud_security_group.sit_web_sg",
            "module.core_insurance_app.alicloud_vpc.core_insurance"
          ]
        }
      ]
    },
    {
      "module": "module.core_insurance_app",
      "mode": "managed",
      "type": "alicloud_security_group_rule",
      "name": "sit_web_out_dns",
      "provider": "provider[\"registry.terraform.io/aliyun/alicloud\"].app",
      "instances": [
        {
          "schema_version": 0,
          "attributes": {
            "cidr_ip": "10.20.2.0/24",
            "description": "DNS resolution",
            "id": "sg-j6c6xhvpez8xnn04qsd8:egress:udp:53/53:\u003cnil\u003e:10.20.2.0/24:accept:1",
            "ip_protocol": "udp",
            "ipv6_cidr_ip": "",
            "nic_type": "intranet",
            "policy": "accept",
            "port_range": "53/53",
            "prefix_list_id": "",
            "priority": 1,
            "security_group_id": "sg-j6c6xhvpez8xnn04qsd8",
            "security_group_rule_id": "sgr-j6c999vxs1ilathokozc",
            "source_group_owner_account": "",
            "source_security_group_id": "",
            "type": "egress"
          },
          "sensitive_attributes": [],
          "identity_schema_version": 0,
          "private": "bnVsbA==",
          "dependencies": [
            "module.core_insurance_app.alicloud_security_group.sit_web_sg",
            "module.core_insurance_app.alicloud_vpc.core_insurance"
          ]
        }
      ]
    },
    {
      "module": "module.core_insurance_app",
      "mode": "managed",
      "type": "alicloud_security_group_rule",
      "name": "sit_web_out_http",
      "provider": "provider[\"registry.terraform.io/aliyun/alicloud\"].app",
      "instances": [
        {
          "schema_version": 0,
          "attributes": {
            "cidr_ip": "0.0.0.0/0",
            "description": "HTTP outbound (routed through Palo Alto)",
            "id": "sg-j6c6xhvpez8xnn04qsd8:egress:tcp:80/80:\u003cnil\u003e:0.0.0.0/0:accept:1",
            "ip_protocol": "tcp",
            "ipv6_cidr_ip": "",
            "nic_type": "intranet",
            "policy": "accept",
            "port_range": "80/80",
            "prefix_list_id": "",
            "priority": 1,
            "security_group_id": "sg-j6c6xhvpez8xnn04qsd8",
            "security_group_rule_id": "sgr-j6c96k831p3bsyg51m60",
            "source_group_owner_account": "",
            "source_security_group_id": "",
            "type": "egress"
          },
          "sensitive_attributes": [],
          "identity_schema_version": 0,
          "private": "bnVsbA==",
          "dependencies": [
            "module.core_insurance_app.alicloud_security_group.sit_web_sg",
            "module.core_insurance_app.alicloud_vpc.core_insurance"
          ]
        }
      ]
    },
    {
      "module": "module.core_insurance_app",
      "mode": "managed",
      "type": "alicloud_security_group_rule",
      "name": "sit_web_out_https",
      "provider": "provider[\"registry.terraform.io/aliyun/alicloud\"].app",
      "instances": [
        {
          "schema_version": 0,
          "attributes": {
            "cidr_ip": "0.0.0.0/0",
            "description": "HTTPS outbound (routed through Palo Alto)",
            "id": "sg-j6c6xhvpez8xnn04qsd8:egress:tcp:443/443:\u003cnil\u003e:0.0.0.0/0:accept:1",
            "ip_protocol": "tcp",
            "ipv6_cidr_ip": "",
            "nic_type": "intranet",
            "policy": "accept",
            "port_range": "443/443",
            "prefix_list_id": "",
            "priority": 1,
            "security_group_id": "sg-j6c6xhvpez8xnn04qsd8",
            "security_group_rule_id": "sgr-j6c96k831p3bsyg51m61",
            "source_group_owner_account": "",
            "source_security_group_id": "",
            "type": "egress"
          },
          "sensitive_attributes": [],
          "identity_schema_version": 0,
          "private": "bnVsbA==",
          "dependencies": [
            "module.core_insurance_app.alicloud_security_group.sit_web_sg",
            "module.core_insurance_app.alicloud_vpc.core_insurance"
          ]
        }
      ]
    },
    {
      "module": "module.core_insurance_app",
      "mode": "managed",
      "type": "alicloud_security_group_rule",
      "name": "sit_web_ssh",
      "provider": "provider[\"registry.terraform.io/aliyun/alicloud\"].app",
      "instances": [
        {
          "schema_version": 0,
          "attributes": {
            "cidr_ip": "10.10.30.0/24",
            "description": "SSH from Ops bastion for management",
            "id": "sg-j6c6xhvpez8xnn04qsd8:ingress:tcp:22/22:\u003cnil\u003e:10.10.30.0/24:accept:1",
            "ip_protocol": "tcp",
            "ipv6_cidr_ip": "",
            "nic_type": "intranet",
            "policy": "accept",
            "port_range": "22/22",
            "prefix_list_id": "",
            "priority": 1,
            "security_group_id": "sg-j6c6xhvpez8xnn04qsd8",
            "security_group_rule_id": "sgr-j6c0yu896lsemso1ge5r",
            "source_group_owner_account": "",
            "source_security_group_id": "",
            "type": "ingress"
          },
          "sensitive_attributes": [],
          "identity_schema_version": 0,
          "private": "bnVsbA==",
          "dependencies": [
            "module.core_insurance_app.alicloud_security_group.sit_web_sg",
            "module.core_insurance_app.alicloud_vpc.core_insurance"
          ]
        }
      ]
    },
    {
      "module": "module.core_insurance_app",
      "mode": "managed",
      "type": "alicloud_security_group_rule",
      "name": "uat_db_mssql",
      "provider": "provider[\"registry.terraform.io/aliyun/alicloud\"].app",
      "instances": [
        {
          "schema_version": 0,
          "attributes": {
            "cidr_ip": "",
            "description": "SQL Server from UAT web tier",
            "id": "sg-j6c1nhngvjveotbnxris:ingress:tcp:1433/1433:\u003cnil\u003e:sg-j6c6xhvpez8xnn04qsd9:accept:1",
            "ip_protocol": "tcp",
            "ipv6_cidr_ip": "",
            "nic_type": "intranet",
            "policy": "accept",
            "port_range": "1433/1433",
            "prefix_list_id": "",
            "priority": 1,
            "security_group_id": "sg-j6c1nhngvjveotbnxris",
            "security_group_rule_id": "sgr-j6c3tvvcybl89npo50hs",
            "source_group_owner_account": "",
            "source_security_group_id": "sg-j6c6xhvpez8xnn04qsd9",
            "type": "ingress"
          },
          "sensitive_attributes": [],
          "identity_schema_version": 0,
          "private": "bnVsbA==",
          "dependencies": [
            "module.core_insurance_app.alicloud_security_group.uat_db_sg",
            "module.core_insurance_app.alicloud_security_group.uat_web_sg",
            "module.core_insurance_app.alicloud_vpc.core_insurance"
          ]
        }
      ]
    },
    {
      "module": "module.core_insurance_app",
      "mode": "managed",
      "type": "alicloud_security_group_rule",
      "name": "uat_web_deny_direct",
      "provider": "provider[\"registry.terraform.io/aliyun/alicloud\"].app",
      "instances": [
        {
          "schema_version": 0,
          "attributes": {
            "cidr_ip": "0.0.0.0/0",
            "description": "Block direct internet access",
            "id": "sg-j6c6xhvpez8xnn04qsd9:ingress:tcp:1/65535:\u003cnil\u003e:0.0.0.0/0:accept:100",
            "ip_protocol": "tcp",
            "ipv6_cidr_ip": "",
            "nic_type": "intranet",
            "policy": "accept",
            "port_range": "1/65535",
            "prefix_list_id": "",
            "priority": 100,
            "security_group_id": "sg-j6c6xhvpez8xnn04qsd9",
            "security_group_rule_id": "sgr-j6cgcvpewkvdxxqj7wbm",
            "source_group_owner_account": "",
            "source_security_group_id": "",
            "type": "ingress"
          },
          "sensitive_attributes": [],
          "identity_schema_version": 0,
          "private": "bnVsbA==",
          "dependencies": [
            "module.core_insurance_app.alicloud_security_group.uat_web_sg",
            "module.core_insurance_app.alicloud_vpc.core_insurance"
          ]
        }
      ]
    },
    {
      "module": "module.core_insurance_app",
      "mode": "managed",
      "type": "alicloud_security_group_rule",
      "name": "uat_web_http",
      "provider": "provider[\"registry.terraform.io/aliyun/alicloud\"].app",
      "instances": [
        {
          "schema_version": 0,
          "attributes": {
            "cidr_ip": "10.20.2.0/24",
            "description": "HTTP via Palo Alto",
            "id": "sg-j6c6xhvpez8xnn04qsd9:ingress:tcp:80/80:\u003cnil\u003e:10.20.2.0/24:accept:1",
            "ip_protocol": "tcp",
            "ipv6_cidr_ip": "",
            "nic_type": "intranet",
            "policy": "accept",
            "port_range": "80/80",
            "prefix_list_id": "",
            "priority": 1,
            "security_group_id": "sg-j6c6xhvpez8xnn04qsd9",
            "security_group_rule_id": "sgr-j6c6xhvpez8xnn05c4eh",
            "source_group_owner_account": "",
            "source_security_group_id": "",
            "type": "ingress"
          },
          "sensitive_attributes": [],
          "identity_schema_version": 0,
          "private": "bnVsbA==",
          "dependencies": [
            "module.core_insurance_app.alicloud_security_group.uat_web_sg",
            "module.core_insurance_app.alicloud_vpc.core_insurance"
          ]
        }
      ]
    },
    {
      "module": "module.core_insurance_app",
      "mode": "managed",
      "type": "alicloud_security_group_rule",
      "name": "uat_web_https",
      "provider": "provider[\"registry.terraform.io/aliyun/alicloud\"].app",
      "instances": [
        {
          "schema_version": 0,
          "attributes": {
            "cidr_ip": "10.20.2.0/24",
            "description": "HTTPS via Palo Alto",
            "id": "sg-j6c6xhvpez8xnn04qsd9:ingress:tcp:443/443:\u003cnil\u003e:10.20.2.0/24:accept:1",
            "ip_protocol": "tcp",
            "ipv6_cidr_ip": "",
            "nic_type": "intranet",
            "policy": "accept",
            "port_range": "443/443",
            "prefix_list_id": "",
            "priority": 1,
            "security_group_id": "sg-j6c6xhvpez8xnn04qsd9",
            "security_group_rule_id": "sgr-j6cebgnvbwqxthpqizkz",
            "source_group_owner_account": "",
            "source_security_group_id": "",
            "type": "ingress"
          },
          "sensitive_attributes": [],
          "identity_schema_version": 0,
          "private": "bnVsbA==",
          "dependencies": [
            "module.core_insurance_app.alicloud_security_group.uat_web_sg",
            "module.core_insurance_app.alicloud_vpc.core_insurance"
          ]
        }
      ]
    },
    {
      "module": "module.core_insurance_app",
      "mode": "managed",
      "type": "alicloud_security_group_rule",
      "name": "uat_web_ssh",
      "provider": "provider[\"registry.terraform.io/aliyun/alicloud\"].app",
      "instances": [
        {
          "schema_version": 0,
          "attributes": {
            "cidr_ip": "10.10.30.0/24",
            "description": "SSH from Ops",
            "id": "sg-j6c6xhvpez8xnn04qsd9:ingress:tcp:22/22:\u003cnil\u003e:10.10.30.0/24:accept:1",
            "ip_protocol": "tcp",
            "ipv6_cidr_ip": "",
            "nic_type": "intranet",
            "policy": "accept",
            "port_range": "22/22",
            "prefix_list_id": "",
            "priority": 1,
            "security_group_id": "sg-j6c6xhvpez8xnn04qsd9",
            "security_group_rule_id": "sgr-j6c3aqularhnswt8y96v",
            "source_group_owner_account": "",
            "source_security_group_id": "",
            "type": "ingress"
          },
          "sensitive_attributes": [],
          "identity_schema_version": 0,
          "private": "bnVsbA==",
          "dependencies": [
            "module.core_insurance_app.alicloud_security_group.uat_web_sg",
            "module.core_insurance_app.alicloud_vpc.core_insurance"
          ]
        }
      ]
    },
    {
      "module": "module.core_insurance_app",
      "mode": "managed",
      "type": "alicloud_vpc",
      "name": "core_insurance",
      "provider": "provider[\"registry.terraform.io/aliyun/alicloud\"].app",
      "instances": [
        {
          "schema_version": 0,
          "attributes": {
            "cidr_block": "10.1.0.0/16",
            "classic_link_enabled": false,
            "create_time": "2026-06-22T06:09:11Z",
            "description": "",
            "dns_hostname_status": "DISABLED",
            "dry_run": null,
            "enable_ipv6": false,
            "force_delete": null,
            "id": "vpc-j6ct2wq26snr5yq144u83",
            "ipv4_cidr_mask": null,
            "ipv4_ipam_pool_id": null,
            "ipv6_cidr_block": "",
            "ipv6_cidr_blocks": [],
            "ipv6_isp": null,
            "is_default": false,
            "name": "demo-core-insurance-vpc",
            "region_id": "cn-hongkong",
            "resource_group_id": "rg-acfnxteh2xsdvnq",
            "route_table_id": "vtb-j6chpzq79inf0lmnshx51",
            "router_id": "vrt-j6cbeqys9stbsn8dlteys",
            "router_table_id": "vtb-j6chpzq79inf0lmnshx51",
            "secondary_cidr_blocks": [],
            "secondary_cidr_mask": null,
            "status": "Available",
            "system_route_table_description": "",
            "system_route_table_name": "",
            "system_route_table_route_propagation_enable": true,
            "tags": {
              "Description": "Hosts all 4 environments: SIT, UAT, PreProd, Prod",
              "Environment": "demo",
              "ManagedBy": "Terraform",
              "Project": "LandingZone",
              "Tier": "core-insurance"
            },
            "timeouts": null,
            "user_cidrs": [],
            "vpc_name": "demo-core-insurance-vpc"
          },
          "sensitive_attributes": [],
          "identity_schema_version": 0,
          "private": "eyJlMmJmYjczMC1lY2FhLTExZTYtOGY4OC0zNDM2M2JjN2M0YzAiOnsiY3JlYXRlIjo2MDAwMDAwMDAwMDAsImRlbGV0ZSI6MzAwMDAwMDAwMDAwLCJ1cGRhdGUiOjMwMDAwMDAwMDAwMH19"
        }
      ]
    },
    {
      "module": "module.core_insurance_app",
      "mode": "managed",
      "type": "alicloud_vswitch",
      "name": "preprod_web",
      "provider": "provider[\"registry.terraform.io/aliyun/alicloud\"].app",
      "instances": [
        {
          "schema_version": 0,
          "attributes": {
            "availability_zone": "cn-hongkong-b",
            "cidr_block": "10.1.21.0/24",
            "create_time": "2026-06-22T06:09:21Z",
            "description": "",
            "enable_ipv6": false,
            "id": "vsw-j6cxo6d4g8vit2gcqj8v5",
            "ipv6_cidr_block": "",
            "ipv6_cidr_block_mask": null,
            "is_default": false,
            "name": "demo-preprod-web",
            "status": "Available",
            "tags": {
              "Environment": "PreProd",
              "ManagedBy": "Terraform",
              "Project": "LandingZone",
              "Tier": "web"
            },
            "timeouts": null,
            "vpc_id": "vpc-j6ct2wq26snr5yq144u83",
            "vpc_ipv6_cidr_block": null,
            "vswitch_name": "demo-preprod-web",
            "zone_id": "cn-hongkong-b"
          },
          "sensitive_attributes": [],
          "identity_schema_version": 0,
          "private": "eyJlMmJmYjczMC1lY2FhLTExZTYtOGY4OC0zNDM2M2JjN2M0YzAiOnsiY3JlYXRlIjozMDAwMDAwMDAwMDAsImRlbGV0ZSI6NjAwMDAwMDAwMDAwLCJ1cGRhdGUiOjMwMDAwMDAwMDAwMH19",
          "dependencies": [
            "module.core_insurance_app.alicloud_vpc.core_insurance",
            "module.core_insurance_app.data.alicloud_zones.available"
          ]
        }
      ]
    },
    {
      "module": "module.core_insurance_app",
      "mode": "managed",
      "type": "alicloud_vswitch",
      "name": "prod_db",
      "provider": "provider[\"registry.terraform.io/aliyun/alicloud\"].app",
      "instances": [
        {
          "schema_version": 0,
          "attributes": {
            "availability_zone": "cn-hongkong-b",
            "cidr_block": "10.1.32.0/24",
            "create_time": "2026-06-22T06:09:20Z",
            "description": "",
            "enable_ipv6": false,
            "id": "vsw-j6cqmt1dlzqgdwt0nirdr",
            "ipv6_cidr_block": "",
            "ipv6_cidr_block_mask": null,
            "is_default": false,
            "name": "demo-prod-db",
            "status": "Available",
            "tags": {
              "Environment": "Prod",
              "ManagedBy": "Terraform",
              "Project": "LandingZone",
              "Tier": "database"
            },
            "timeouts": null,
            "vpc_id": "vpc-j6ct2wq26snr5yq144u83",
            "vpc_ipv6_cidr_block": null,
            "vswitch_name": "demo-prod-db",
            "zone_id": "cn-hongkong-b"
          },
          "sensitive_attributes": [],
          "identity_schema_version": 0,
          "private": "eyJlMmJmYjczMC1lY2FhLTExZTYtOGY4OC0zNDM2M2JjN2M0YzAiOnsiY3JlYXRlIjozMDAwMDAwMDAwMDAsImRlbGV0ZSI6NjAwMDAwMDAwMDAwLCJ1cGRhdGUiOjMwMDAwMDAwMDAwMH19",
          "dependencies": [
            "module.core_insurance_app.alicloud_vpc.core_insurance",
            "module.core_insurance_app.data.alicloud_zones.available"
          ]
        }
      ]
    },
    {
      "module": "module.core_insurance_app",
      "mode": "managed",
      "type": "alicloud_vswitch",
      "name": "prod_web",
      "provider": "provider[\"registry.terraform.io/aliyun/alicloud\"].app",
      "instances": [
        {
          "schema_version": 0,
          "attributes": {
            "availability_zone": "cn-hongkong-b",
            "cidr_block": "10.1.31.0/24",
            "create_time": "2026-06-22T06:09:19Z",
            "description": "",
            "enable_ipv6": false,
            "id": "vsw-j6c5fnoa29k4s7rvefl28",
            "ipv6_cidr_block": "",
            "ipv6_cidr_block_mask": null,
            "is_default": false,
            "name": "demo-prod-web",
            "status": "Available",
            "tags": {
              "Environment": "Prod",
              "ManagedBy": "Terraform",
              "Project": "LandingZone",
              "Tier": "web"
            },
            "timeouts": null,
            "vpc_id": "vpc-j6ct2wq26snr5yq144u83",
            "vpc_ipv6_cidr_block": null,
            "vswitch_name": "demo-prod-web",
            "zone_id": "cn-hongkong-b"
          },
          "sensitive_attributes": [],
          "identity_schema_version": 0,
          "private": "eyJlMmJmYjczMC1lY2FhLTExZTYtOGY4OC0zNDM2M2JjN2M0YzAiOnsiY3JlYXRlIjozMDAwMDAwMDAwMDAsImRlbGV0ZSI6NjAwMDAwMDAwMDAwLCJ1cGRhdGUiOjMwMDAwMDAwMDAwMH19",
          "dependencies": [
            "module.core_insurance_app.alicloud_vpc.core_insurance",
            "module.core_insurance_app.data.alicloud_zones.available"
          ]
        }
      ]
    },
    {
      "module": "module.core_insurance_app",
      "mode": "managed",
      "type": "alicloud_vswitch",
      "name": "sit_web",
      "provider": "provider[\"registry.terraform.io/aliyun/alicloud\"].app",
      "instances": [
        {
          "schema_version": 0,
          "attributes": {
            "availability_zone": "cn-hongkong-b",
            "cidr_block": "10.1.1.0/24",
            "create_time": "2026-06-22T06:09:19Z",
            "description": "",
            "enable_ipv6": false,
            "id": "vsw-j6c2svdm3h6wpaoggtean",
            "ipv6_cidr_block": "",
            "ipv6_cidr_block_mask": null,
            "is_default": false,
            "name": "demo-sit-web",
            "status": "Available",
            "tags": {
              "Environment": "SIT",
              "ManagedBy": "Terraform",
              "Project": "LandingZone",
              "Tier": "web"
            },
            "timeouts": null,
            "vpc_id": "vpc-j6ct2wq26snr5yq144u83",
            "vpc_ipv6_cidr_block": null,
            "vswitch_name": "demo-sit-web",
            "zone_id": "cn-hongkong-b"
          },
          "sensitive_attributes": [],
          "identity_schema_version": 0,
          "private": "eyJlMmJmYjczMC1lY2FhLTExZTYtOGY4OC0zNDM2M2JjN2M0YzAiOnsiY3JlYXRlIjozMDAwMDAwMDAwMDAsImRlbGV0ZSI6NjAwMDAwMDAwMDAwLCJ1cGRhdGUiOjMwMDAwMDAwMDAwMH19",
          "dependencies": [
            "module.core_insurance_app.alicloud_vpc.core_insurance",
            "module.core_insurance_app.data.alicloud_zones.available"
          ]
        }
      ]
    },
    {
      "module": "module.core_insurance_app",
      "mode": "managed",
      "type": "alicloud_vswitch",
      "name": "uat_web",
      "provider": "provider[\"registry.terraform.io/aliyun/alicloud\"].app",
      "instances": [
        {
          "schema_version": 0,
          "attributes": {
            "availability_zone": "cn-hongkong-b",
            "cidr_block": "10.1.11.0/24",
            "create_time": "2026-06-22T06:09:17Z",
            "description": "",
            "enable_ipv6": false,
            "id": "vsw-j6cqjgq8jpix9jchv5jca",
            "ipv6_cidr_block": "",
            "ipv6_cidr_block_mask": null,
            "is_default": false,
            "name": "demo-uat-web",
            "status": "Available",
            "tags": {
              "Environment": "UAT",
              "ManagedBy": "Terraform",
              "Project": "LandingZone",
              "Tier": "web"
            },
            "timeouts": null,
            "vpc_id": "vpc-j6ct2wq26snr5yq144u83",
            "vpc_ipv6_cidr_block": null,
            "vswitch_name": "demo-uat-web",
            "zone_id": "cn-hongkong-b"
          },
          "sensitive_attributes": [],
          "identity_schema_version": 0,
          "private": "eyJlMmJmYjczMC1lY2FhLTExZTYtOGY4OC0zNDM2M2JjN2M0YzAiOnsiY3JlYXRlIjozMDAwMDAwMDAwMDAsImRlbGV0ZSI6NjAwMDAwMDAwMDAwLCJ1cGRhdGUiOjMwMDAwMDAwMDAwMH19",
          "dependencies": [
            "module.core_insurance_app.alicloud_vpc.core_insurance",
            "module.core_insurance_app.data.alicloud_zones.available"
          ]
        }
      ]
    },
    {
      "module": "module.core_insurance_app",
      "mode": "managed",
      "type": "random_string",
      "name": "bucket_suffix",
      "provider": "provider[\"registry.terraform.io/hashicorp/random\"]",
      "instances": [
        {
          "schema_version": 2,
          "attributes": {
            "id": "0t5fte",
            "keepers": null,
            "length": 6,
            "lower": true,
            "min_lower": 0,
            "min_numeric": 0,
            "min_special": 0,
            "min_upper": 0,
            "number": true,
            "numeric": true,
            "override_special": null,
            "result": "0t5fte",
            "special": false,
            "upper": false
          },
          "sensitive_attributes": [],
          "identity_schema_version": 0
        }
      ]
    },
    {
      "module": "module.hub_security",
      "mode": "data",
      "type": "alicloud_cen_instances",
      "name": "existing",
      "provider": "provider[\"registry.terraform.io/aliyun/alicloud\"].hub",
      "instances": [
        {
          "schema_version": 0,
          "attributes": {
            "id": "100997852",
            "ids": [
              "cen-ycdypx620qa3zhdfo7"
            ],
            "instances": [
              {
                "cen_bandwidth_package_ids": [],
                "cen_id": "cen-ycdypx620qa3zhdfo7",
                "cen_instance_name": "alicloud-exam-demo-TR",
                "create_time": "2026-06-22T03:09Z",
                "description": "",
                "id": "cen-ycdypx620qa3zhdfo7",
                "name": "alicloud-exam-demo-TR",
                "protection_level": "REDUCED",
                "status": "Active",
                "tags": {}
              }
            ],
            "name_regex": null,
            "names": [
              "alicloud-exam-demo-TR"
            ],
            "output_file": null,
            "status": null,
            "tags": null
          },
          "sensitive_attributes": [],
          "identity_schema_version": 0
        }
      ]
    },
    {
      "module": "module.hub_security",
      "mode": "data",
      "type": "alicloud_network_interfaces",
      "name": "palo_alto_eni",
      "provider": "provider[\"registry.terraform.io/aliyun/alicloud\"].hub",
      "instances": [
        {
          "schema_version": 0,
          "attributes": {
            "id": "918301687",
            "ids": [
              "eni-j6c3aqularhnrtcndwgj"
            ],
            "instance_id": "i-j6c3aqularhnrtcprwvx",
            "interfaces": [
              {
                "associated_public_ip": [],
                "creation_time": "2026-06-22T04:42:21Z",
                "description": "",
                "id": "eni-j6c3aqularhnrtcndwgj",
                "instance_id": "i-j6c3aqularhnrtcprwvx",
                "ipv6_sets": [],
                "mac": "00:16:3e:12:75:e9",
                "name": "",
                "network_interface_id": "eni-j6c3aqularhnrtcndwgj",
                "network_interface_name": "",
                "network_interface_traffic_mode": "Standard",
                "owner_id": "5815880914844342",
                "primary_ip_address": "10.20.1.251",
                "private_ip": "10.20.1.251",
                "private_ip_addresses": [],
                "private_ips": [],
                "queue_number": 1,
                "resource_group_id": "",
                "security_group_ids": [
                  "sg-j6ce3727cnmi4udzoatq"
                ],
                "security_groups": [
                  "sg-j6ce3727cnmi4udzoatq"
                ],
                "service_id": 0,
                "service_managed": false,
                "status": "InUse",
                "tags": {
                  "Environment": "demo",
                  "ManagedBy": "Terraform",
                  "Mock": "true",
                  "Project": "LandingZone",
                  "Role": "Firewall",
                  "Vendor": "PaloAlto"
                },
                "type": "Primary",
                "vpc_id": "vpc-j6cil4r60sipikrt2094m",
                "vswitch_id": "vsw-j6cg8ts2akzxwwmx3uvh8",
                "zone_id": "cn-hongkong-b"
              }
            ],
            "name": null,
            "name_regex": null,
            "names": [
              ""
            ],
            "network_interface_name": null,
            "output_file": null,
            "primary_ip_address": null,
            "private_ip": null,
            "resource_group_id": null,
            "security_group_id": null,
            "service_managed": null,
            "status": null,
            "tags": null,
            "type": null,
            "vpc_id": null,
            "vswitch_id": null
          },
          "sensitive_attributes": [],
          "identity_schema_version": 0
        }
      ]
    },
    {
      "module": "module.hub_security",
      "mode": "data",
      "type": "alicloud_zones",
      "name": "available",
      "provider": "provider[\"registry.terraform.io/aliyun/alicloud\"].hub",
      "instances": [
        {
          "schema_version": 0,
          "attributes": {
            "available_disk_category": null,
            "available_instance_type": null,
            "available_resource_creation": "VSwitch",
            "available_slb_address_ip_version": null,
            "available_slb_address_type": null,
            "enable_details": false,
            "id": "1855267249",
            "ids": [
              "cn-hongkong-b",
              "cn-hongkong-c",
              "cn-hongkong-d"
            ],
            "instance_charge_type": "PostPaid",
            "multi": false,
            "network_type": null,
            "output_file": null,
            "spot_strategy": "NoSpot",
            "zones": [
              {
                "available_disk_categories": [],
                "available_instance_types": [],
                "available_resource_creation": [],
                "id": "cn-hongkong-b",
                "local_name": "",
                "multi_zone_ids": [],
                "slb_slave_zone_ids": []
              },
              {
                "available_disk_categories": [],
                "available_instance_types": [],
                "available_resource_creation": [],
                "id": "cn-hongkong-c",
                "local_name": "",
                "multi_zone_ids": [],
                "slb_slave_zone_ids": []
              },
              {
                "available_disk_categories": [],
                "available_instance_types": [],
                "available_resource_creation": [],
                "id": "cn-hongkong-d",
                "local_name": "",
                "multi_zone_ids": [],
                "slb_slave_zone_ids": []
              }
            ]
          },
          "sensitive_attributes": [],
          "identity_schema_version": 0
        }
      ]
    },
    {
      "module": "module.hub_security",
      "mode": "managed",
      "type": "alicloud_cen_transit_router_vpc_attachment",
      "name": "dataworks",
      "provider": "provider[\"registry.terraform.io/aliyun/alicloud\"].hub",
      "instances": [
        {
          "index_key": 0,
          "schema_version": 0,
          "attributes": {
            "auto_publish_route_enabled": false,
            "cen_id": "cen-ycdypx620qa3zhdfo7",
            "create_time": "2026-06-22T04:42Z",
            "dry_run": null,
            "force_delete": null,
            "id": "cen-ycdypx620qa3zhdfo7:tr-attach-ev9gtdtmn7cc930age",
            "options": [
              {
                "appliance_mode_support": "disable",
                "ipv6_support": "disable"
              }
            ],
            "order_type": "PayByCenOwner",
            "payment_type": "PayAsYouGo",
            "region_id": "cn-hongkong",
            "resource_type": "VPC",
            "route_table_association_enabled": null,
            "route_table_propagation_enabled": null,
            "status": "Attached",
            "tags": {},
            "timeouts": null,
            "transit_router_attachment_description": "",
            "transit_router_attachment_id": "tr-attach-ev9gtdtmn7cc930age",
            "transit_router_attachment_name": "",
            "transit_router_id": "tr-j6cuc0gmwpgt0vyh1ihzs",
            "transit_router_vpc_attachment_name": "",
            "transit_router_vpc_attachment_options": {
              "ipv6Support": "disable"
            },
            "vpc_id": "vpc-j6cdk2e6cx03izj1kuc3w",
            "vpc_owner_id": "5815880914844342",
            "zone_mappings": [
              {
                "vswitch_id": "vsw-j6cnw80zcmukfa848xe3a",
                "zone_id": "cn-hongkong-b"
              }
            ]
          },
          "sensitive_attributes": [],
          "identity_schema_version": 0,
          "private": "eyJlMmJmYjczMC1lY2FhLTExZTYtOGY4OC0zNDM2M2JjN2M0YzAiOnsiY3JlYXRlIjoyNTIwMDAwMDAwMDAwLCJkZWxldGUiOjEyMDAwMDAwMDAwMDAsInVwZGF0ZSI6NDgwMDAwMDAwMDAwfX0=",
          "dependencies": [
            "module.hub_security.data.alicloud_zones.available"
          ]
        }
      ]
    },
    {
      "module": "module.hub_security",
      "mode": "managed",
      "type": "alicloud_cen_transit_router_vpc_attachment",
      "name": "hub",
      "provider": "provider[\"registry.terraform.io/aliyun/alicloud\"].hub",
      "instances": [
        {
          "schema_version": 0,
          "attributes": {
            "auto_publish_route_enabled": false,
            "cen_id": "cen-ycdypx620qa3zhdfo7",
            "create_time": "2026-06-22T04:43Z",
            "dry_run": null,
            "force_delete": null,
            "id": "cen-ycdypx620qa3zhdfo7:tr-attach-6ajvuwd6037ikgvjyb",
            "options": [
              {
                "appliance_mode_support": "disable",
                "ipv6_support": "disable"
              }
            ],
            "order_type": "PayByCenOwner",
            "payment_type": "PayAsYouGo",
            "region_id": "cn-hongkong",
            "resource_type": "VPC",
            "route_table_association_enabled": null,
            "route_table_propagation_enabled": null,
            "status": "Attached",
            "tags": {},
            "timeouts": null,
            "transit_router_attachment_description": "",
            "transit_router_attachment_id": "tr-attach-6ajvuwd6037ikgvjyb",
            "transit_router_attachment_name": "",
            "transit_router_id": "tr-j6cuc0gmwpgt0vyh1ihzs",
            "transit_router_vpc_attachment_name": "",
            "transit_router_vpc_attachment_options": {
              "ipv6Support": "disable"
            },
            "vpc_id": "vpc-j6cil4r60sipikrt2094m",
            "vpc_owner_id": "5815880914844342",
            "zone_mappings": [
              {
                "vswitch_id": "vsw-j6c71dob9r37fhlv2ifrx",
                "zone_id": "cn-hongkong-b"
              }
            ]
          },
          "sensitive_attributes": [],
          "identity_schema_version": 0,
          "private": "eyJlMmJmYjczMC1lY2FhLTExZTYtOGY4OC0zNDM2M2JjN2M0YzAiOnsiY3JlYXRlIjoyNTIwMDAwMDAwMDAwLCJkZWxldGUiOjEyMDAwMDAwMDAwMDAsInVwZGF0ZSI6NDgwMDAwMDAwMDAwfX0=",
          "dependencies": [
            "module.hub_security.alicloud_vpc.hub",
            "module.hub_security.alicloud_vswitch.trusted",
            "module.hub_security.data.alicloud_zones.available"
          ]
        }
      ]
    },
    {
      "module": "module.hub_security",
      "mode": "managed",
      "type": "alicloud_instance",
      "name": "palo_alto",
      "provider": "provider[\"registry.terraform.io/aliyun/alicloud\"].hub",
      "instances": [
        {
          "index_key": 0,
          "schema_version": 0,
          "attributes": {
            "allocate_public_ip": null,
            "auto_release_time": "",
            "auto_renew_period": 0,
            "availability_zone": "cn-hongkong-b",
            "cpu": 2,
            "cpu_options": [
              {
                "core_count": 1,
                "threads_per_core": 2,
                "topology_type": ""
              }
            ],
            "create_time": "2026-06-22T04:42Z",
            "credit_specification": "",
            "data_disks": [],
            "dedicated_host_id": "",
            "deletion_protection": false,
            "deployment_set_group_no": null,
            "deployment_set_id": "",
            "description": "",
            "dry_run": false,
            "enable_jumbo_frame": false,
            "expired_time": "2099-12-31T15:59Z",
            "force_delete": null,
            "host_name": "iZj6c3aqularhnrtcprwvxZ",
            "hpc_cluster_id": "",
            "http_endpoint": "",
            "http_put_response_hop_limit": 0,
            "http_tokens": "",
            "id": "i-j6c3aqularhnrtcprwvx",
            "image_id": "aliyun_3_x64_20G_alibase_20240528.vhd",
            "image_options": [
              {
                "login_as_non_root": false
              }
            ],
            "include_data_disks": null,
            "instance_charge_type": "PostPaid",
            "instance_name": "demo-palo-alto-0",
            "instance_type": "ecs.e-c1m1.large",
            "internet_charge_type": "PayByTraffic",
            "internet_max_bandwidth_in": -1,
            "internet_max_bandwidth_out": 0,
            "io_optimized": null,
            "ipv6_address_count": 0,
            "ipv6_addresses": [],
            "is_outdated": null,
            "key_name": "",
            "kms_encrypted_password": null,
            "kms_encryption_context": null,
            "launch_template_id": null,
            "launch_template_name": null,
            "launch_template_version": null,
            "maintenance_action": "AutoRecover",
            "maintenance_notify": false,
            "maintenance_time": [],
            "memory": 2048,
            "network_card_index": null,
            "network_interface_id": "eni-j6c3aqularhnrtcndwgj",
            "network_interface_traffic_mode": "Standard",
            "network_interfaces": [],
            "operator_type": null,
            "os_name": "Alibaba Cloud Linux  3.2104 LTS 64位",
            "os_type": "linux",
            "password": "",
            "password_inherit": null,
            "period": null,
            "period_unit": "",
            "primary_ip_address": "10.20.1.251",
            "private_ip": "10.20.1.251",
            "private_pool_options_id": "",
            "private_pool_options_match_criteria": "None",
            "public_ip": "",
            "queue_pair_number": 0,
            "renewal_status": "",
            "resource_group_id": "",
            "role_name": "",
            "secondary_private_ip_address_count": 0,
            "secondary_private_ips": [],
            "security_enhancement_strategy": null,
            "security_groups": [
              "sg-j6ce3727cnmi4udzoatq"
            ],
            "spot_duration": 0,
            "spot_interruption_behavior": "",
            "spot_price_limit": 0,
            "spot_strategy": "NoSpot",
            "start_time": "2026-06-22T04:42Z",
            "status": "Running",
            "stopped_mode": "Not-applicable",
            "subnet_id": "vsw-j6cg8ts2akzxwwmx3uvh8",
            "system_disk_auto_snapshot_policy_id": "",
            "system_disk_bursting_enabled": null,
            "system_disk_category": "cloud_essd",
            "system_disk_description": "",
            "system_disk_encrypt_algorithm": null,
            "system_disk_encrypted": true,
            "system_disk_id": "d-j6c3aqularhnrtcwebhf",
            "system_disk_kms_key_id": "f0e0465e-1a7c-423c-b456-cfdb04a969af",
            "system_disk_name": "",
            "system_disk_performance_level": "PL1",
            "system_disk_provisioned_iops": 0,
            "system_disk_size": 40,
            "system_disk_storage_cluster_id": "",
            "tags": {
              "Environment": "demo",
              "ManagedBy": "Terraform",
              "Mock": "true",
              "Project": "LandingZone",
              "Role": "Firewall",
              "Vendor": "PaloAlto"
            },
            "timeouts": null,
            "user_data": "",
            "volume_tags": {
              "Environment": "demo",
              "ManagedBy": "Terraform",
              "Mock": "true",
              "Project": "LandingZone",
              "Role": "Firewall",
              "Vendor": "PaloAlto"
            },
            "vpc_id": "vpc-j6cil4r60sipikrt2094m",
            "vswitch_id": "vsw-j6cg8ts2akzxwwmx3uvh8"
          },
          "sensitive_attributes": [
            [
              {
                "type": "get_attr",
                "value": "password"
              }
            ]
          ],
          "identity_schema_version": 0,
          "private": "eyJlMmJmYjczMC1lY2FhLTExZTYtOGY4OC0zNDM2M2JjN2M0YzAiOnsiY3JlYXRlIjo2MDAwMDAwMDAwMDAsImRlbGV0ZSI6MTIwMDAwMDAwMDAwMCwidXBkYXRlIjo2MDAwMDAwMDAwMDB9fQ==",
          "dependencies": [
            "module.hub_security.alicloud_security_group.fw",
            "module.hub_security.alicloud_vpc.hub",
            "module.hub_security.alicloud_vswitch.untrusted",
            "module.hub_security.data.alicloud_zones.available"
          ]
        },
        {
          "index_key": 1,
          "schema_version": 0,
          "attributes": {
            "allocate_public_ip": null,
            "auto_release_time": "",
            "auto_renew_period": 0,
            "availability_zone": "cn-hongkong-b",
            "cpu": 2,
            "cpu_options": [
              {
                "core_count": 1,
                "threads_per_core": 2,
                "topology_type": ""
              }
            ],
            "create_time": "2026-06-22T04:42Z",
            "credit_specification": "",
            "data_disks": [],
            "dedicated_host_id": "",
            "deletion_protection": false,
            "deployment_set_group_no": null,
            "deployment_set_id": "",
            "description": "",
            "dry_run": false,
            "enable_jumbo_frame": false,
            "expired_time": "2099-12-31T15:59Z",
            "force_delete": null,
            "host_name": "iZj6c0yu896lselp76x1cnZ",
            "hpc_cluster_id": "",
            "http_endpoint": "",
            "http_put_response_hop_limit": 0,
            "http_tokens": "",
            "id": "i-j6c0yu896lselp76x1cn",
            "image_id": "aliyun_3_x64_20G_alibase_20240528.vhd",
            "image_options": [
              {
                "login_as_non_root": false
              }
            ],
            "include_data_disks": null,
            "instance_charge_type": "PostPaid",
            "instance_name": "demo-palo-alto-1",
            "instance_type": "ecs.e-c1m1.large",
            "internet_charge_type": "PayByTraffic",
            "internet_max_bandwidth_in": -1,
            "internet_max_bandwidth_out": 0,
            "io_optimized": null,
            "ipv6_address_count": 0,
            "ipv6_addresses": [],
            "is_outdated": null,
            "key_name": "",
            "kms_encrypted_password": null,
            "kms_encryption_context": null,
            "launch_template_id": null,
            "launch_template_name": null,
            "launch_template_version": null,
            "maintenance_action": "AutoRecover",
            "maintenance_notify": false,
            "maintenance_time": [],
            "memory": 2048,
            "network_card_index": null,
            "network_interface_id": "eni-j6c0yu896lselp77a813",
            "network_interface_traffic_mode": "Standard",
            "network_interfaces": [],
            "operator_type": null,
            "os_name": "Alibaba Cloud Linux  3.2104 LTS 64位",
            "os_type": "linux",
            "password": "",
            "password_inherit": null,
            "period": null,
            "period_unit": "",
            "primary_ip_address": "10.20.1.252",
            "private_ip": "10.20.1.252",
            "private_pool_options_id": "",
            "private_pool_options_match_criteria": "None",
            "public_ip": "",
            "queue_pair_number": 0,
            "renewal_status": "",
            "resource_group_id": "",
            "role_name": "",
            "secondary_private_ip_address_count": 0,
            "secondary_private_ips": [],
            "security_enhancement_strategy": null,
            "security_groups": [
              "sg-j6ce3727cnmi4udzoatq"
            ],
            "spot_duration": 0,
            "spot_interruption_behavior": "",
            "spot_price_limit": 0,
            "spot_strategy": "NoSpot",
            "start_time": "2026-06-22T04:42Z",
            "status": "Running",
            "stopped_mode": "Not-applicable",
            "subnet_id": "vsw-j6cg8ts2akzxwwmx3uvh8",
            "system_disk_auto_snapshot_policy_id": "",
            "system_disk_bursting_enabled": null,
            "system_disk_category": "cloud_essd",
            "system_disk_description": "",
            "system_disk_encrypt_algorithm": null,
            "system_disk_encrypted": true,
            "system_disk_id": "d-j6c0yu896lselp787tns",
            "system_disk_kms_key_id": "f0e0465e-1a7c-423c-b456-cfdb04a969af",
            "system_disk_name": "",
            "system_disk_performance_level": "PL1",
            "system_disk_provisioned_iops": 0,
            "system_disk_size": 40,
            "system_disk_storage_cluster_id": "",
            "tags": {
              "Environment": "demo",
              "ManagedBy": "Terraform",
              "Mock": "true",
              "Project": "LandingZone",
              "Role": "Firewall",
              "Vendor": "PaloAlto"
            },
            "timeouts": null,
            "user_data": "",
            "volume_tags": {
              "Environment": "demo",
              "ManagedBy": "Terraform",
              "Mock": "true",
              "Project": "LandingZone",
              "Role": "Firewall",
              "Vendor": "PaloAlto"
            },
            "vpc_id": "vpc-j6cil4r60sipikrt2094m",
            "vswitch_id": "vsw-j6cg8ts2akzxwwmx3uvh8"
          },
          "sensitive_attributes": [
            [
              {
                "type": "get_attr",
                "value": "password"
              }
            ]
          ],
          "identity_schema_version": 0,
          "private": "eyJlMmJmYjczMC1lY2FhLTExZTYtOGY4OC0zNDM2M2JjN2M0YzAiOnsiY3JlYXRlIjo2MDAwMDAwMDAwMDAsImRlbGV0ZSI6MTIwMDAwMDAwMDAwMCwidXBkYXRlIjo2MDAwMDAwMDAwMDB9fQ==",
          "dependencies": [
            "module.hub_security.alicloud_security_group.fw",
            "module.hub_security.alicloud_vpc.hub",
            "module.hub_security.alicloud_vswitch.untrusted",
            "module.hub_security.data.alicloud_zones.available"
          ]
        }
      ]
    },
    {
      "module": "module.hub_security",
      "mode": "managed",
      "type": "alicloud_route_entry",
      "name": "to_firewall",
      "provider": "provider[\"registry.terraform.io/aliyun/alicloud\"].hub",
      "instances": [
        {
          "schema_version": 0,
          "attributes": {
            "description": "",
            "destination_cidrblock": "0.0.0.0/0",
            "id": "vtb-j6ck82hyh9poi7ma2r88v:vrt-j6ckcs0v88tt2ciygjak9:0.0.0.0/0:NetworkInterface:eni-j6c3aqularhnrtcndwgj",
            "name": "",
            "nexthop_id": "eni-j6c3aqularhnrtcndwgj",
            "nexthop_type": "NetworkInterface",
            "route_table_id": "vtb-j6ck82hyh9poi7ma2r88v",
            "router_id": "vrt-j6ckcs0v88tt2ciygjak9",
            "timeouts": null
          },
          "sensitive_attributes": [],
          "identity_schema_version": 0,
          "private": "eyJlMmJmYjczMC1lY2FhLTExZTYtOGY4OC0zNDM2M2JjN2M0YzAiOnsiY3JlYXRlIjo2MDAwMDAwMDAwMDAsImRlbGV0ZSI6NjAwMDAwMDAwMDAwfX0=",
          "dependencies": [
            "module.hub_security.alicloud_instance.palo_alto",
            "module.hub_security.alicloud_route_table.trusted_rt",
            "module.hub_security.alicloud_security_group.fw",
            "module.hub_security.alicloud_vpc.hub",
            "module.hub_security.alicloud_vswitch.untrusted",
            "module.hub_security.data.alicloud_network_interfaces.palo_alto_eni",
            "module.hub_security.data.alicloud_zones.available"
          ]
        }
      ]
    },
    {
      "module": "module.hub_security",
      "mode": "managed",
      "type": "alicloud_route_table",
      "name": "inbound",
      "provider": "provider[\"registry.terraform.io/aliyun/alicloud\"].hub",
      "instances": [
        {
          "schema_version": 0,
          "attributes": {
            "associate_type": "Gateway",
            "create_time": "2026-06-22T04:42:21Z",
            "description": "Gateway route table for inbound traffic via Palo Alto",
            "id": "vtb-j6cevgjidnwruu6tcdmq0",
            "name": "demo-inbound-gateway-rt",
            "resource_group_id": "rg-acfnxteh2xsdvnq",
            "route_propagation_enable": false,
            "route_table_name": "demo-inbound-gateway-rt",
            "status": "Available",
            "tags": {},
            "timeouts": null,
            "vpc_id": "vpc-j6cil4r60sipikrt2094m"
          },
          "sensitive_attributes": [],
          "identity_schema_version": 0,
          "private": "eyJlMmJmYjczMC1lY2FhLTExZTYtOGY4OC0zNDM2M2JjN2M0YzAiOnsiY3JlYXRlIjo2MDAwMDAwMDAwMDAsImRlbGV0ZSI6MzAwMDAwMDAwMDAwLCJ1cGRhdGUiOjMwMDAwMDAwMDAwMH19",
          "dependencies": [
            "module.hub_security.alicloud_vpc.hub"
          ]
        }
      ]
    },
    {
      "module": "module.hub_security",
      "mode": "managed",
      "type": "alicloud_route_table",
      "name": "trusted_rt",
      "provider": "provider[\"registry.terraform.io/aliyun/alicloud\"].hub",
      "instances": [
        {
          "schema_version": 0,
          "attributes": {
            "associate_type": "VSwitch",
            "create_time": "2026-06-22T04:42:29Z",
            "description": "",
            "id": "vtb-j6ck82hyh9poi7ma2r88v",
            "name": "demo-trusted-rt",
            "resource_group_id": "rg-acfnxteh2xsdvnq",
            "route_propagation_enable": true,
            "route_table_name": "demo-trusted-rt",
            "status": "Available",
            "tags": {},
            "timeouts": null,
            "vpc_id": "vpc-j6cil4r60sipikrt2094m"
          },
          "sensitive_attributes": [],
          "identity_schema_version": 0,
          "private": "eyJlMmJmYjczMC1lY2FhLTExZTYtOGY4OC0zNDM2M2JjN2M0YzAiOnsiY3JlYXRlIjo2MDAwMDAwMDAwMDAsImRlbGV0ZSI6MzAwMDAwMDAwMDAwLCJ1cGRhdGUiOjMwMDAwMDAwMDAwMH19",
          "dependencies": [
            "module.hub_security.alicloud_vpc.hub"
          ]
        }
      ]
    },
    {
      "module": "module.hub_security",
      "mode": "managed",
      "type": "alicloud_route_table_attachment",
      "name": "trusted",
      "provider": "provider[\"registry.terraform.io/aliyun/alicloud\"].hub",
      "instances": [
        {
          "schema_version": 0,
          "attributes": {
            "id": "vtb-j6ck82hyh9poi7ma2r88v:vsw-j6c71dob9r37fhlv2ifrx",
            "route_table_id": "vtb-j6ck82hyh9poi7ma2r88v",
            "status": "Available",
            "timeouts": null,
            "vswitch_id": "vsw-j6c71dob9r37fhlv2ifrx"
          },
          "sensitive_attributes": [],
          "identity_schema_version": 0,
          "private": "eyJlMmJmYjczMC1lY2FhLTExZTYtOGY4OC0zNDM2M2JjN2M0YzAiOnsiY3JlYXRlIjozMDAwMDAwMDAwMDAsImRlbGV0ZSI6MzAwMDAwMDAwMDAwfX0=",
          "dependencies": [
            "module.hub_security.alicloud_route_table.trusted_rt",
            "module.hub_security.alicloud_vpc.hub",
            "module.hub_security.alicloud_vswitch.trusted",
            "module.hub_security.data.alicloud_zones.available"
          ]
        }
      ]
    },
    {
      "module": "module.hub_security",
      "mode": "managed",
      "type": "alicloud_security_group",
      "name": "fw",
      "provider": "provider[\"registry.terraform.io/aliyun/alicloud\"].hub",
      "instances": [
        {
          "schema_version": 0,
          "attributes": {
            "create_time": "2026-06-22T04:42:12Z",
            "description": "",
            "id": "sg-j6ce3727cnmi4udzoatq",
            "inner_access": true,
            "inner_access_policy": "Accept",
            "name": "demo-palo-alto-sg",
            "resource_group_id": "",
            "security_group_name": "demo-palo-alto-sg",
            "security_group_type": "normal",
            "tags": {
              "Environment": "demo",
              "ManagedBy": "Terraform",
              "Project": "LandingZone"
            },
            "timeouts": null,
            "vpc_id": "vpc-j6cil4r60sipikrt2094m"
          },
          "sensitive_attributes": [],
          "identity_schema_version": 0,
          "private": "eyJlMmJmYjczMC1lY2FhLTExZTYtOGY4OC0zNDM2M2JjN2M0YzAiOnsiY3JlYXRlIjozMDAwMDAwMDAwMDAsImRlbGV0ZSI6NjAwMDAwMDAwMDAwLCJ1cGRhdGUiOjMwMDAwMDAwMDAwMH19",
          "dependencies": [
            "module.hub_security.alicloud_vpc.hub"
          ]
        }
      ]
    },
    {
      "module": "module.hub_security",
      "mode": "managed",
      "type": "alicloud_slb_load_balancer",
      "name": "ingress",
      "provider": "provider[\"registry.terraform.io/aliyun/alicloud\"].hub",
      "instances": [
        {
          "schema_version": 0,
          "attributes": {
            "address": "10.20.2.117",
            "address_ip_version": "ipv4",
            "address_type": "intranet",
            "bandwidth": 2048,
            "delete_protection": "off",
            "id": "lb-3ns3tmcuzgrcxux6m4y86",
            "instance_charge_type": "PayBySpec",
            "internet": null,
            "internet_charge_type": "PayByTraffic",
            "load_balancer_name": "demo-unified-ingress",
            "load_balancer_spec": "slb.s2.small",
            "master_zone_id": "cn-hongkong-d",
            "modification_protection_reason": "",
            "modification_protection_status": "NonProtection",
            "name": "demo-unified-ingress",
            "payment_type": "PayAsYouGo",
            "period": null,
            "resource_group_id": "rg-acfnxteh2xsdvnq",
            "slave_zone_id": "cn-hongkong-b",
            "specification": "slb.s2.small",
            "status": "active",
            "tags": {
              "Environment": "demo",
              "ManagedBy": "Terraform",
              "Project": "LandingZone"
            },
            "timeouts": null,
            "vswitch_id": "vsw-j6c71dob9r37fhlv2ifrx"
          },
          "sensitive_attributes": [],
          "identity_schema_version": 0,
          "private": "eyJlMmJmYjczMC1lY2FhLTExZTYtOGY4OC0zNDM2M2JjN2M0YzAiOnsiY3JlYXRlIjozMDAwMDAwMDAwMDAsImRlbGV0ZSI6NTQwMDAwMDAwMDAwfX0=",
          "dependencies": [
            "module.hub_security.alicloud_vpc.hub",
            "module.hub_security.alicloud_vswitch.trusted",
            "module.hub_security.data.alicloud_zones.available"
          ]
        }
      ]
    },
    {
      "module": "module.hub_security",
      "mode": "managed",
      "type": "alicloud_vpc",
      "name": "hub",
      "provider": "provider[\"registry.terraform.io/aliyun/alicloud\"].hub",
      "instances": [
        {
          "schema_version": 0,
          "attributes": {
            "cidr_block": "10.20.0.0/16",
            "classic_link_enabled": false,
            "create_time": "2026-06-22T04:42:06Z",
            "description": "",
            "dns_hostname_status": "DISABLED",
            "dry_run": null,
            "enable_ipv6": false,
            "force_delete": null,
            "id": "vpc-j6cil4r60sipikrt2094m",
            "ipv4_cidr_mask": null,
            "ipv4_ipam_pool_id": null,
            "ipv6_cidr_block": "",
            "ipv6_cidr_blocks": [],
            "ipv6_isp": null,
            "is_default": false,
            "name": "demo-hub-vpc",
            "region_id": "cn-hongkong",
            "resource_group_id": "rg-acfnxteh2xsdvnq",
            "route_table_id": "vtb-j6c2txnt03n5tuxn67wvu",
            "router_id": "vrt-j6ckcs0v88tt2ciygjak9",
            "router_table_id": "vtb-j6c2txnt03n5tuxn67wvu",
            "secondary_cidr_blocks": [],
            "secondary_cidr_mask": null,
            "status": "Available",
            "system_route_table_description": "",
            "system_route_table_name": "",
            "system_route_table_route_propagation_enable": true,
            "tags": {
              "Environment": "demo",
              "ManagedBy": "Terraform",
              "Project": "LandingZone"
            },
            "timeouts": null,
            "user_cidrs": [],
            "vpc_name": "demo-hub-vpc"
          },
          "sensitive_attributes": [],
          "identity_schema_version": 0,
          "private": "eyJlMmJmYjczMC1lY2FhLTExZTYtOGY4OC0zNDM2M2JjN2M0YzAiOnsiY3JlYXRlIjo2MDAwMDAwMDAwMDAsImRlbGV0ZSI6MzAwMDAwMDAwMDAwLCJ1cGRhdGUiOjMwMDAwMDAwMDAwMH19"
        }
      ]
    },
    {
      "module": "module.hub_security",
      "mode": "managed",
      "type": "alicloud_vpc_ipv4_gateway",
      "name": "default",
      "provider": "provider[\"registry.terraform.io/aliyun/alicloud\"].hub",
      "instances": [
        {
          "schema_version": 0,
          "attributes": {
            "create_time": "2026-06-22T04:42:12Z",
            "dry_run": null,
            "enabled": true,
            "id": "ipv4gw-j6c74vg61gigv49nvm6jv",
            "internet_mode": null,
            "ipv4_gateway_description": "",
            "ipv4_gateway_id": "ipv4gw-j6c74vg61gigv49nvm6jv",
            "ipv4_gateway_name": "demo-ipv4-gateway",
            "ipv4_gateway_route_table_id": "",
            "resource_group_id": "rg-acfnxteh2xsdvnq",
            "status": "Created",
            "tags": {},
            "timeouts": null,
            "vpc_id": "vpc-j6cil4r60sipikrt2094m"
          },
          "sensitive_attributes": [],
          "identity_schema_version": 0,
          "private": "eyJlMmJmYjczMC1lY2FhLTExZTYtOGY4OC0zNDM2M2JjN2M0YzAiOnsiY3JlYXRlIjozMDAwMDAwMDAwMDAsImRlbGV0ZSI6MzAwMDAwMDAwMDAwLCJ1cGRhdGUiOjMwMDAwMDAwMDAwMH19",
          "dependencies": [
            "module.hub_security.alicloud_vpc.hub"
          ]
        }
      ]
    },
    {
      "module": "module.hub_security",
      "mode": "managed",
      "type": "alicloud_vswitch",
      "name": "ops",
      "provider": "provider[\"registry.terraform.io/aliyun/alicloud\"].hub",
      "instances": [
        {
          "schema_version": 0,
          "attributes": {
            "availability_zone": "cn-hongkong-b",
            "cidr_block": "10.20.3.0/24",
            "create_time": "2026-06-22T04:42:38Z",
            "description": "",
            "enable_ipv6": false,
            "id": "vsw-j6cp9l9jbzj3tzxyg5blg",
            "ipv6_cidr_block": "",
            "ipv6_cidr_block_mask": null,
            "is_default": false,
            "name": "demo-ops",
            "status": "Available",
            "tags": {
              "Environment": "demo",
              "ManagedBy": "Terraform",
              "Project": "LandingZone"
            },
            "timeouts": null,
            "vpc_id": "vpc-j6cil4r60sipikrt2094m",
            "vpc_ipv6_cidr_block": null,
            "vswitch_name": "demo-ops",
            "zone_id": "cn-hongkong-b"
          },
          "sensitive_attributes": [],
          "identity_schema_version": 0,
          "private": "eyJlMmJmYjczMC1lY2FhLTExZTYtOGY4OC0zNDM2M2JjN2M0YzAiOnsiY3JlYXRlIjozMDAwMDAwMDAwMDAsImRlbGV0ZSI6NjAwMDAwMDAwMDAwLCJ1cGRhdGUiOjMwMDAwMDAwMDAwMH19",
          "dependencies": [
            "module.hub_security.alicloud_vpc.hub",
            "module.hub_security.data.alicloud_zones.available"
          ]
        }
      ]
    },
    {
      "module": "module.hub_security",
      "mode": "managed",
      "type": "alicloud_vswitch",
      "name": "trusted",
      "provider": "provider[\"registry.terraform.io/aliyun/alicloud\"].hub",
      "instances": [
        {
          "schema_version": 0,
          "attributes": {
            "availability_zone": "cn-hongkong-b",
            "cidr_block": "10.20.2.0/24",
            "create_time": "2026-06-22T04:42:51Z",
            "description": "",
            "enable_ipv6": false,
            "id": "vsw-j6c71dob9r37fhlv2ifrx",
            "ipv6_cidr_block": "",
            "ipv6_cidr_block_mask": null,
            "is_default": false,
            "name": "demo-trusted",
            "status": "Available",
            "tags": {
              "Environment": "demo",
              "ManagedBy": "Terraform",
              "Project": "LandingZone"
            },
            "timeouts": null,
            "vpc_id": "vpc-j6cil4r60sipikrt2094m",
            "vpc_ipv6_cidr_block": null,
            "vswitch_name": "demo-trusted",
            "zone_id": "cn-hongkong-b"
          },
          "sensitive_attributes": [],
          "identity_schema_version": 0,
          "private": "eyJlMmJmYjczMC1lY2FhLTExZTYtOGY4OC0zNDM2M2JjN2M0YzAiOnsiY3JlYXRlIjozMDAwMDAwMDAwMDAsImRlbGV0ZSI6NjAwMDAwMDAwMDAwLCJ1cGRhdGUiOjMwMDAwMDAwMDAwMH19",
          "dependencies": [
            "module.hub_security.alicloud_vpc.hub",
            "module.hub_security.data.alicloud_zones.available"
          ]
        }
      ]
    },
    {
      "module": "module.hub_security",
      "mode": "managed",
      "type": "alicloud_vswitch",
      "name": "untrusted",
      "provider": "provider[\"registry.terraform.io/aliyun/alicloud\"].hub",
      "instances": [
        {
          "schema_version": 0,
          "attributes": {
            "availability_zone": "cn-hongkong-b",
            "cidr_block": "10.20.1.0/24",
            "create_time": "2026-06-22T04:42:15Z",
            "description": "",
            "enable_ipv6": false,
            "id": "vsw-j6cg8ts2akzxwwmx3uvh8",
            "ipv6_cidr_block": "",
            "ipv6_cidr_block_mask": null,
            "is_default": false,
            "name": "demo-untrusted",
            "status": "Available",
            "tags": {
              "Environment": "demo",
              "ManagedBy": "Terraform",
              "Project": "LandingZone"
            },
            "timeouts": null,
            "vpc_id": "vpc-j6cil4r60sipikrt2094m",
            "vpc_ipv6_cidr_block": null,
            "vswitch_name": "demo-untrusted",
            "zone_id": "cn-hongkong-b"
          },
          "sensitive_attributes": [],
          "identity_schema_version": 0,
          "private": "eyJlMmJmYjczMC1lY2FhLTExZTYtOGY4OC0zNDM2M2JjN2M0YzAiOnsiY3JlYXRlIjozMDAwMDAwMDAwMDAsImRlbGV0ZSI6NjAwMDAwMDAwMDAwLCJ1cGRhdGUiOjMwMDAwMDAwMDAwMH19",
          "dependencies": [
            "module.hub_security.alicloud_vpc.hub",
            "module.hub_security.data.alicloud_zones.available"
          ]
        }
      ]
    },
    {
      "module": "module.logging_account",
      "mode": "managed",
      "type": "alicloud_config_aggregator",
      "name": "org",
      "provider": "provider[\"registry.terraform.io/aliyun/alicloud\"].log",
      "instances": [
        {
          "schema_version": 0,
          "attributes": {
            "aggregator_accounts": [
              {
                "account_id": "5815880914844342",
                "account_name": "master",
                "account_type": "ResourceDirectory"
              },
              {
                "account_id": "5858781688988035",
                "account_name": "terraform-api-call",
                "account_type": "ResourceDirectory"
              },
              {
                "account_id": "5744282043552850",
                "account_name": "Shared Service Account_exam demo",
                "account_type": "ResourceDirectory"
              },
              {
                "account_id": "5204482043670830",
                "account_name": "Hub Security Account",
                "account_type": "ResourceDirectory"
              },
              {
                "account_id": "5947182043430388",
                "account_name": "Shared Service Account",
                "account_type": "ResourceDirectory"
              },
              {
                "account_id": "5641082043830083",
                "account_name": "Core Insurance App Account",
                "account_type": "ResourceDirectory"
              },
              {
                "account_id": "5512782043745792",
                "account_name": "Log Account",
                "account_type": "ResourceDirectory"
              },
              {
                "account_id": "5025582043875056",
                "account_name": "AI Inference Account",
                "account_type": "ResourceDirectory"
              },
              {
                "account_id": "5977182043911351",
                "account_name": "AI Training Account",
                "account_type": "ResourceDirectory"
              }
            ],
            "aggregator_name": "org-aggregator-demo",
            "aggregator_type": "RD",
            "create_time": 1782118883000,
            "description": "Organization-wide compliance aggregator",
            "folder_id": "",
            "id": "ca-f9e24bfc3ab60005f044",
            "status": "Normal",
            "timeouts": null
          },
          "sensitive_attributes": [],
          "identity_schema_version": 0,
          "private": "eyJlMmJmYjczMC1lY2FhLTExZTYtOGY4OC0zNDM2M2JjN2M0YzAiOnsiY3JlYXRlIjozMDAwMDAwMDAwMDAsImRlbGV0ZSI6MzAwMDAwMDAwMDAwLCJ1cGRhdGUiOjMwMDAwMDAwMDAwMH19"
        }
      ]
    },
    {
      "module": "module.logging_account",
      "mode": "managed",
      "type": "alicloud_config_rule",
      "name": "no_public_inference",
      "provider": "provider[\"registry.terraform.io/aliyun/alicloud\"].log",
      "instances": [
        {
          "schema_version": 0,
          "attributes": {
            "account_id": 5815880914844342,
            "compliance": [
              {
                "compliance_type": "COMPLIANT",
                "count": 2
              }
            ],
            "compliance_pack_id": "",
            "config_rule_arn": "acs:config::5815880914844342:rule/cr-f9e24bfc3ab60005f043",
            "config_rule_id": "cr-f9e24bfc3ab60005f043",
            "config_rule_trigger_types": "ConfigurationItemChangeNotification",
            "create_time": 1782118883000,
            "description": "",
            "event_source": "aliyun.config",
            "exclude_resource_ids_scope": "",
            "id": "cr-f9e24bfc3ab60005f043",
            "input_parameters": {},
            "maximum_execution_frequency": "",
            "modified_timestamp": 1782118883000,
            "region_ids_scope": "",
            "resource_group_ids_scope": "",
            "resource_types_scope": [
              "ACS::ECS::Instance"
            ],
            "risk_level": 1,
            "rule_name": "ai-inference-no-public-ip",
            "scope_compliance_resource_types": null,
            "source_detail_message_type": "ConfigurationItemChangeNotification",
            "source_identifier": "ecs-instance-no-public-ip",
            "source_maximum_execution_frequency": "",
            "source_owner": "ALIYUN",
            "status": "ACTIVE",
            "tag_key_scope": "",
            "tag_value_scope": "",
            "timeouts": null
          },
          "sensitive_attributes": [],
          "identity_schema_version": 0,
          "private": "eyJlMmJmYjczMC1lY2FhLTExZTYtOGY4OC0zNDM2M2JjN2M0YzAiOnsiY3JlYXRlIjozMDAwMDAwMDAwMDAsImRlbGV0ZSI6NjAwMDAwMDAwMDAwLCJ1cGRhdGUiOjMwMDAwMDAwMDAwMH19"
        }
      ]
    },
    {
      "module": "module.logging_account",
      "mode": "managed",
      "type": "alicloud_config_rule",
      "name": "oss_encryption",
      "provider": "provider[\"registry.terraform.io/aliyun/alicloud\"].log",
      "instances": [
        {
          "schema_version": 0,
          "attributes": {
            "account_id": 5815880914844342,
            "compliance": [
              {
                "compliance_type": "NON_COMPLIANT",
                "count": 2
              }
            ],
            "compliance_pack_id": "",
            "config_rule_arn": "acs:config::5815880914844342:rule/cr-f9e24bfc3ab6000df570",
            "config_rule_id": "cr-f9e24bfc3ab6000df570",
            "config_rule_trigger_types": "ConfigurationItemChangeNotification",
            "create_time": 1782118883000,
            "description": "",
            "event_source": "aliyun.config",
            "exclude_resource_ids_scope": "",
            "id": "cr-f9e24bfc3ab6000df570",
            "input_parameters": {},
            "maximum_execution_frequency": "",
            "modified_timestamp": 1782118883000,
            "region_ids_scope": "",
            "resource_group_ids_scope": "",
            "resource_types_scope": [
              "ACS::OSS::Bucket"
            ],
            "risk_level": 1,
            "rule_name": "oss-bucket-encryption-check",
            "scope_compliance_resource_types": null,
            "source_detail_message_type": "ConfigurationItemChangeNotification",
            "source_identifier": "oss-bucket-server-side-encryption-enabled",
            "source_maximum_execution_frequency": "",
            "source_owner": "ALIYUN",
            "status": "ACTIVE",
            "tag_key_scope": "",
            "tag_value_scope": "",
            "timeouts": null
          },
          "sensitive_attributes": [],
          "identity_schema_version": 0,
          "private": "eyJlMmJmYjczMC1lY2FhLTExZTYtOGY4OC0zNDM2M2JjN2M0YzAiOnsiY3JlYXRlIjozMDAwMDAwMDAwMDAsImRlbGV0ZSI6NjAwMDAwMDAwMDAwLCJ1cGRhdGUiOjMwMDAwMDAwMDAwMH19"
        }
      ]
    },
    {
      "module": "module.logging_account",
      "mode": "managed",
      "type": "alicloud_config_rule",
      "name": "rds_encryption",
      "provider": "provider[\"registry.terraform.io/aliyun/alicloud\"].log",
      "instances": []
    },
    {
      "module": "module.logging_account",
      "mode": "managed",
      "type": "alicloud_config_rule",
      "name": "slb_https",
      "provider": "provider[\"registry.terraform.io/aliyun/alicloud\"].log",
      "instances": []
    },
    {
      "module": "module.logging_account",
      "mode": "managed",
      "type": "alicloud_config_rule",
      "name": "unencrypted_disk",
      "provider": "provider[\"registry.terraform.io/aliyun/alicloud\"].log",
      "instances": [
        {
          "schema_version": 0,
          "attributes": {
            "account_id": 5815880914844342,
            "compliance": [
              {
                "compliance_type": "COMPLIANT",
                "count": 2
              }
            ],
            "compliance_pack_id": "",
            "config_rule_arn": "acs:config::5815880914844342:rule/cr-f9e24bfc3ab600e7429b",
            "config_rule_id": "cr-f9e24bfc3ab600e7429b",
            "config_rule_trigger_types": "ConfigurationItemChangeNotification",
            "create_time": 1782118883000,
            "description": "",
            "event_source": "aliyun.config",
            "exclude_resource_ids_scope": "",
            "id": "cr-f9e24bfc3ab600e7429b",
            "input_parameters": {},
            "maximum_execution_frequency": "",
            "modified_timestamp": 1782118883000,
            "region_ids_scope": "",
            "resource_group_ids_scope": "",
            "resource_types_scope": [
              "ACS::ECS::Disk"
            ],
            "risk_level": 1,
            "rule_name": "ecs-disk-encryption-check",
            "scope_compliance_resource_types": null,
            "source_detail_message_type": "ConfigurationItemChangeNotification",
            "source_identifier": "ecs-disk-encrypted",
            "source_maximum_execution_frequency": "",
            "source_owner": "ALIYUN",
            "status": "ACTIVE",
            "tag_key_scope": "",
            "tag_value_scope": "",
            "timeouts": null
          },
          "sensitive_attributes": [],
          "identity_schema_version": 0,
          "private": "eyJlMmJmYjczMC1lY2FhLTExZTYtOGY4OC0zNDM2M2JjN2M0YzAiOnsiY3JlYXRlIjozMDAwMDAwMDAwMDAsImRlbGV0ZSI6NjAwMDAwMDAwMDAwLCJ1cGRhdGUiOjMwMDAwMDAwMDAwMH19"
        }
      ]
    },
    {
      "module": "module.logging_account",
      "mode": "managed",
      "type": "alicloud_log_project",
      "name": "central",
      "provider": "provider[\"registry.terraform.io/aliyun/alicloud\"].log",
      "instances": [
        {
          "schema_version": 0,
          "attributes": {
            "create_time": "2026-06-22 17:01:22",
            "description": "Central audit log store (3yr retention)",
            "id": "central-audit-demo-v2",
            "name": "central-audit-demo-v2",
            "policy": null,
            "project_name": "central-audit-demo-v2",
            "resource_group_id": "rg-acfnxteh2xsdvnq",
            "status": "Normal",
            "tags": {
              "Environment": "demo",
              "ManagedBy": "Terraform",
              "Project": "LandingZone"
            },
            "timeouts": null
          },
          "sensitive_attributes": [],
          "identity_schema_version": 0,
          "private": "eyJlMmJmYjczMC1lY2FhLTExZTYtOGY4OC0zNDM2M2JjN2M0YzAiOnsiY3JlYXRlIjozMDAwMDAwMDAwMDAsImRlbGV0ZSI6MzAwMDAwMDAwMDAwLCJ1cGRhdGUiOjMwMDAwMDAwMDAwMH19"
        }
      ]
    },
    {
      "module": "module.logging_account",
      "mode": "managed",
      "type": "alicloud_log_store",
      "name": "ai_ops",
      "provider": "provider[\"registry.terraform.io/aliyun/alicloud\"].log",
      "instances": [
        {
          "schema_version": 0,
          "attributes": {
            "append_meta": true,
            "auto_split": true,
            "create_time": 1782118885,
            "enable_web_tracking": false,
            "encrypt_conf": [],
            "hot_ttl": null,
            "id": "central-audit-demo-v2:ai-operations",
            "infrequent_access_ttl": null,
            "logstore_name": "ai-operations",
            "max_split_shard_count": 8,
            "metering_mode": "ChargeByDataIngest",
            "mode": "standard",
            "name": "ai-operations",
            "project": "central-audit-demo-v2",
            "project_name": "central-audit-demo-v2",
            "retention_period": 30,
            "shard_count": 2,
            "shards": [
              {
                "begin_key": "00000000000000000000000000000000",
                "end_key": "80000000000000000000000000000000",
                "id": 0,
                "status": "readwrite"
              },
              {
                "begin_key": "80000000000000000000000000000000",
                "end_key": "ffffffffffffffffffffffffffffffff",
                "id": 1,
                "status": "readwrite"
              }
            ],
            "telemetry_type": "",
            "timeouts": null
          },
          "sensitive_attributes": [],
          "identity_schema_version": 0,
          "private": "eyJlMmJmYjczMC1lY2FhLTExZTYtOGY4OC0zNDM2M2JjN2M0YzAiOnsiY3JlYXRlIjozMDAwMDAwMDAwMDAsImRlbGV0ZSI6MzAwMDAwMDAwMDAwLCJ1cGRhdGUiOjMwMDAwMDAwMDAwMH19",
          "dependencies": [
            "module.logging_account.alicloud_log_project.central"
          ]
        }
      ]
    },
    {
      "module": "module.logging_account",
      "mode": "managed",
      "type": "alicloud_log_store",
      "name": "audit",
      "provider": "provider[\"registry.terraform.io/aliyun/alicloud\"].log",
      "instances": [
        {
          "schema_version": 0,
          "attributes": {
            "append_meta": true,
            "auto_split": true,
            "create_time": 1782118885,
            "enable_web_tracking": false,
            "encrypt_conf": [],
            "hot_ttl": null,
            "id": "central-audit-demo-v2:cloud-operations",
            "infrequent_access_ttl": null,
            "logstore_name": "cloud-operations",
            "max_split_shard_count": 8,
            "metering_mode": "ChargeByDataIngest",
            "mode": "standard",
            "name": "cloud-operations",
            "project": "central-audit-demo-v2",
            "project_name": "central-audit-demo-v2",
            "retention_period": 30,
            "shard_count": 2,
            "shards": [
              {
                "begin_key": "00000000000000000000000000000000",
                "end_key": "80000000000000000000000000000000",
                "id": 0,
                "status": "readwrite"
              },
              {
                "begin_key": "80000000000000000000000000000000",
                "end_key": "ffffffffffffffffffffffffffffffff",
                "id": 1,
                "status": "readwrite"
              }
            ],
            "telemetry_type": "",
            "timeouts": null
          },
          "sensitive_attributes": [],
          "identity_schema_version": 0,
          "private": "eyJlMmJmYjczMC1lY2FhLTExZTYtOGY4OC0zNDM2M2JjN2M0YzAiOnsiY3JlYXRlIjozMDAwMDAwMDAwMDAsImRlbGV0ZSI6MzAwMDAwMDAwMDAwLCJ1cGRhdGUiOjMwMDAwMDAwMDAwMH19",
          "dependencies": [
            "module.logging_account.alicloud_log_project.central"
          ]
        }
      ]
    },
    {
      "module": "module.logging_account",
      "mode": "managed",
      "type": "alicloud_ram_role",
      "name": "actiontrail_sls",
      "provider": "provider[\"registry.terraform.io/aliyun/alicloud\"].log",
      "instances": [
        {
          "schema_version": 0,
          "attributes": {
            "arn": "acs:ram::5815880914844342:role/actiontrail-to-sls-demo",
            "assume_role_policy_document": "{\n    \"Statement\": [{\n            \"Action\": \"sts:AssumeRole\",\n            \"Effect\": \"Allow\",\n            \"Principal\": {\"Service\": [\"actiontrail.aliyuncs.com\"]}}],\n    \"Version\": \"1\"}",
            "create_time": "2026-06-22T09:01:22Z",
            "description": "",
            "document": "{\n    \"Statement\": [{\n            \"Action\": \"sts:AssumeRole\",\n            \"Effect\": \"Allow\",\n            \"Principal\": {\"Service\": [\"actiontrail.aliyuncs.com\"]}}],\n    \"Version\": \"1\"}",
            "force": null,
            "id": "actiontrail-to-sls-demo",
            "max_session_duration": 3600,
            "name": "actiontrail-to-sls-demo",
            "ram_users": [],
            "role_id": "301864205291513008",
            "role_name": "actiontrail-to-sls-demo",
            "services": [
              "actiontrail.aliyuncs.com"
            ],
            "tags": {},
            "timeouts": null,
            "version": "1"
          },
          "sensitive_attributes": [],
          "identity_schema_version": 0,
          "private": "eyJlMmJmYjczMC1lY2FhLTExZTYtOGY4OC0zNDM2M2JjN2M0YzAiOnsiY3JlYXRlIjozMDAwMDAwMDAwMDAsImRlbGV0ZSI6MzAwMDAwMDAwMDAwLCJ1cGRhdGUiOjMwMDAwMDAwMDAwMH19"
        }
      ]
    },
    {
      "module": "module.logging_account",
      "mode": "managed",
      "type": "alicloud_ram_role_policy_attachment",
      "name": "actiontrail_log",
      "provider": "provider[\"registry.terraform.io/aliyun/alicloud\"].log",
      "instances": [
        {
          "schema_version": 0,
          "attributes": {
            "id": "role:AliyunLogFullAccess:System:actiontrail-to-sls-demo",
            "policy_name": "AliyunLogFullAccess",
            "policy_type": "System",
            "role_name": "actiontrail-to-sls-demo",
            "timeouts": null
          },
          "sensitive_attributes": [],
          "identity_schema_version": 0,
          "private": "eyJlMmJmYjczMC1lY2FhLTExZTYtOGY4OC0zNDM2M2JjN2M0YzAiOnsiY3JlYXRlIjozMDAwMDAwMDAwMDAsImRlbGV0ZSI6MzAwMDAwMDAwMDAwfX0=",
          "dependencies": [
            "module.logging_account.alicloud_ram_role.actiontrail_sls"
          ]
        }
      ]
    },
    {
      "module": "module.shared_service",
      "mode": "data",
      "type": "alicloud_zones",
      "name": "available",
      "provider": "provider[\"registry.terraform.io/aliyun/alicloud\"].shared",
      "instances": [
        {
          "schema_version": 0,
          "attributes": {
            "available_disk_category": null,
            "available_instance_type": null,
            "available_resource_creation": "VSwitch",
            "available_slb_address_ip_version": null,
            "available_slb_address_type": null,
            "enable_details": false,
            "id": "1855267249",
            "ids": [
              "cn-hongkong-b",
              "cn-hongkong-c",
              "cn-hongkong-d"
            ],
            "instance_charge_type": "PostPaid",
            "multi": false,
            "network_type": null,
            "output_file": null,
            "spot_strategy": "NoSpot",
            "zones": [
              {
                "available_disk_categories": [],
                "available_instance_types": [],
                "available_resource_creation": [],
                "id": "cn-hongkong-b",
                "local_name": "",
                "multi_zone_ids": [],
                "slb_slave_zone_ids": []
              },
              {
                "available_disk_categories": [],
                "available_instance_types": [],
                "available_resource_creation": [],
                "id": "cn-hongkong-c",
                "local_name": "",
                "multi_zone_ids": [],
                "slb_slave_zone_ids": []
              },
              {
                "available_disk_categories": [],
                "available_instance_types": [],
                "available_resource_creation": [],
                "id": "cn-hongkong-d",
                "local_name": "",
                "multi_zone_ids": [],
                "slb_slave_zone_ids": []
              }
            ]
          },
          "sensitive_attributes": [],
          "identity_schema_version": 0
        }
      ]
    }
  ],
  "check_results": null
}
